// !$*UTF8*$!
{
	archiveVersion = 1;
	classes = {
	};
	objectVersion = 56;
	objects = {

/* Begin PBXBuildFile section */
		FE6AEAFEFF2DB8AE41F0CF2B /* NotificationCopy.swift in OverwatchQueue */ = {isa = PBXBuildFile; fileRef = D35685FC99129719119C75BC /* NotificationCopy.swift */; };
		C4BEAAC148DFBBB9A0FBEED8 /* QueueActivityAttributes.swift in OverwatchQueue */ = {isa = PBXBuildFile; fileRef = 6B2AEB873F060228E13F4B9B /* QueueActivityAttributes.swift */; };
		24452E1AB941C9DA1D68631F /* CatalogService.swift in OverwatchQueue */ = {isa = PBXBuildFile; fileRef = 4D3558CE3531693468824E62 /* CatalogService.swift */; };
		8D29563327BF93F5EB8E5862 /* ImageCache.swift in OverwatchQueue */ = {isa = PBXBuildFile; fileRef = 9D08D081C0EA352C2D518009 /* ImageCache.swift */; };
		7D86550972E1B15A4C5588A9 /* ArtViews.swift in OverwatchQueue */ = {isa = PBXBuildFile; fileRef = D848606DD7BD711B76EA0D70 /* ArtViews.swift */; };
		B4127F388B4FF6A991BD665A /* MeshBackground.swift in OverwatchQueue */ = {isa = PBXBuildFile; fileRef = C89DCA43476EC5D8E8AD4BFB /* MeshBackground.swift */; };
		4ED4514A4DA355175F1FF461 /* Meters.swift in OverwatchQueue */ = {isa = PBXBuildFile; fileRef = 72C96B333EAAC9E35F9BCF3B /* Meters.swift */; };
		2393C8DFE912653FC89C91FF /* Palette.swift in OverwatchQueue */ = {isa = PBXBuildFile; fileRef = E336429D60E7B380C6E0C256 /* Palette.swift */; };
		AFDD938CC2E984C5B3825716 /* SearchOrb.swift in OverwatchQueue */ = {isa = PBXBuildFile; fileRef = 40DAC6251336A306CC820F11 /* SearchOrb.swift */; };
		A9D93F4DB4E3CB7502F851FD /* Hero.swift in OverwatchQueue */ = {isa = PBXBuildFile; fileRef = 2D24194092ED06C36EDEEFE0 /* Hero.swift */; };
		82DF8C4328B0D3A28322F1AF /* OverwatchMap.swift in OverwatchQueue */ = {isa = PBXBuildFile; fileRef = 112601C1B4B97FD0D3F31DDE /* OverwatchMap.swift */; };
		92AAD088102E8CA9C994B556 /* QueueMode.swift in OverwatchQueue */ = {isa = PBXBuildFile; fileRef = D0E826EE8BEF1065B4EB24C4 /* QueueMode.swift */; };
		8EB0D4EB63B8325AFB3319BA /* QueuePhase.swift in OverwatchQueue */ = {isa = PBXBuildFile; fileRef = 18BDAF721DEC6387766D824A /* QueuePhase.swift */; };
		5D64C7890B4BB8F2595D192A /* QueueSnapshot.swift in OverwatchQueue */ = {isa = PBXBuildFile; fileRef = A29477E4673BAF3C65252D25 /* QueueSnapshot.swift */; };
		30356F5B9A76F84E4C10B371 /* Role.swift in OverwatchQueue */ = {isa = PBXBuildFile; fileRef = 3A07D369DDD613B0464CA81E /* Role.swift */; };
		C1AC0798B1A62D4394FDE2BA /* WireCoding.swift in OverwatchQueue */ = {isa = PBXBuildFile; fileRef = F424EB63AD5971ED7A193EEE /* WireCoding.swift */; };
		23EF12142C7B3A443857753D /* WireProtocol.swift in OverwatchQueue */ = {isa = PBXBuildFile; fileRef = 5AE0F59B6D3ECDEFE5FCD1E9 /* WireProtocol.swift */; };
		929C11131B9E4DCB7FD35C83 /* QueueStore.swift in OverwatchQueue */ = {isa = PBXBuildFile; fileRef = B2992B15E0406704A64599AB /* QueueStore.swift */; };
		619D18E477AB6C41D9CE7E45 /* SharedState.swift in OverwatchQueue */ = {isa = PBXBuildFile; fileRef = 52D334DCC418B27F1E6D3DA4 /* SharedState.swift */; };
		B24BB8B7D4F078FE6EBED852 /* TimeFormatting.swift in OverwatchQueue */ = {isa = PBXBuildFile; fileRef = 2E24E8FB55110F65457DEF89 /* TimeFormatting.swift */; };
		1D031BED94DF733C99844F7B /* DeepLink.swift in OverwatchQueue */ = {isa = PBXBuildFile; fileRef = 62689D9624D4CB8AAC12E01E /* DeepLink.swift */; };
		44FFB125BDD0836E15FD581E /* Pairing.swift in OverwatchQueue */ = {isa = PBXBuildFile; fileRef = E6035E5992C05622FD60592A /* Pairing.swift */; };
		01FF57CFF52F4F83DB638E00 /* QueueTransport.swift in OverwatchQueue */ = {isa = PBXBuildFile; fileRef = 10EAB8B4B5CA95BCFBD5164A /* QueueTransport.swift */; };
		17EA3D24D77C30136D9D1A68 /* WatchLink.swift in OverwatchQueue */ = {isa = PBXBuildFile; fileRef = B01D383136E7D0B6E795A21D /* WatchLink.swift */; };
		E8D721F2D4A5DAA9C4FDA2E1 /* WatchTransport.swift in OverwatchQueue */ = {isa = PBXBuildFile; fileRef = 2FA2642931C01B205A8F7D45 /* WatchTransport.swift */; };
		D035368F363A7C2368AAA3CF /* WebSocketTransport.swift in OverwatchQueue */ = {isa = PBXBuildFile; fileRef = A518902990126A92235D0710 /* WebSocketTransport.swift */; };
		67C53318C2D9A7A71A14E659 /* QueueStatusShared.swift in OverwatchQueue */ = {isa = PBXBuildFile; fileRef = 6897941C613857FBCC154938 /* QueueStatusShared.swift */; };
		178A3F75CB855806FFC10F29 /* AppDelegate.swift in OverwatchQueue */ = {isa = PBXBuildFile; fileRef = 01587191C9109C1DAC67D85D /* AppDelegate.swift */; };
		3853D23F77FAC598649016A0 /* AppModel.swift in OverwatchQueue */ = {isa = PBXBuildFile; fileRef = 29DF2B8BE2EF5C493858746B /* AppModel.swift */; };
		EBC802028CB7E0A60B0C89AB /* Haptics.swift in OverwatchQueue */ = {isa = PBXBuildFile; fileRef = 516A79586CC4845AD0460BCD /* Haptics.swift */; };
		BABE884BA908849D6D6B8C1B /* LiveActivityController.swift in OverwatchQueue */ = {isa = PBXBuildFile; fileRef = A252FBF4A2314152088C54AF /* LiveActivityController.swift */; };
		1CF12E374734FFEAFAF3004B /* OverwatchQueueApp.swift in OverwatchQueue */ = {isa = PBXBuildFile; fileRef = 751BC043A791B4D0CB12AD94 /* OverwatchQueueApp.swift */; };
		C3C3FEC3549133B73B2EA5FE /* SoundPlayer.swift in OverwatchQueue */ = {isa = PBXBuildFile; fileRef = 617D658CA1B9C5CF92DB7C7D /* SoundPlayer.swift */; };
		5EF545DB23B415ACA51B32DE /* HeroSelectView.swift in OverwatchQueue */ = {isa = PBXBuildFile; fileRef = 905DCA64AC2D42002B981E4B /* HeroSelectView.swift */; };
		F583995EDEE94DC3A362B73A /* MapVoteView.swift in OverwatchQueue */ = {isa = PBXBuildFile; fileRef = 01DB8FF6093CA78F0D85A73A /* MapVoteView.swift */; };
		AAC182289C4C19997E4C2AF8 /* MatchFoundView.swift in OverwatchQueue */ = {isa = PBXBuildFile; fileRef = 0C36BE04804A9D9B4F3ECD05 /* MatchFoundView.swift */; };
		7BB27CC63C2C3D295E73171A /* PairingView.swift in OverwatchQueue */ = {isa = PBXBuildFile; fileRef = 768C658399A8E8C484C7D73E /* PairingView.swift */; };
		946FDD52CAF4113B82F0FD55 /* RootView.swift in OverwatchQueue */ = {isa = PBXBuildFile; fileRef = 8C6314FB895FB020DC217D24 /* RootView.swift */; };
		374E3EB2A4B0AE470387AC93 /* SettingsView.swift in OverwatchQueue */ = {isa = PBXBuildFile; fileRef = 6D197AAE8CB99CF568FC65D5 /* SettingsView.swift */; };
		C69C3E13C1B783F81FE9583D /* Assets.xcassets in OverwatchQueue */ = {isa = PBXBuildFile; fileRef = 76F5D0BC4EA614EE0252E6C0 /* Assets.xcassets */; };
		D64A36B6EF1C828A05E1681A /* catalog-fallback.json in OverwatchQueue */ = {isa = PBXBuildFile; fileRef = B6C6645AE76DCF53BCBAA2C1 /* catalog-fallback.json */; };
		A9CF1F0E954069705A077853 /* match_found.caf in OverwatchQueue */ = {isa = PBXBuildFile; fileRef = 3F3D700670D50849DBE7768A /* match_found.caf */; };
		28733F143D73D32AA6161FFD /* NotificationCopy.swift in QueueWidgets */ = {isa = PBXBuildFile; fileRef = D35685FC99129719119C75BC /* NotificationCopy.swift */; };
		B545AA4E64275CEF17E7AC85 /* QueueActivityAttributes.swift in QueueWidgets */ = {isa = PBXBuildFile; fileRef = 6B2AEB873F060228E13F4B9B /* QueueActivityAttributes.swift */; };
		FBFA8CB40C9100088F981B2A /* CatalogService.swift in QueueWidgets */ = {isa = PBXBuildFile; fileRef = 4D3558CE3531693468824E62 /* CatalogService.swift */; };
		8345B8C3FAAD8E4F6F2C5B9D /* ImageCache.swift in QueueWidgets */ = {isa = PBXBuildFile; fileRef = 9D08D081C0EA352C2D518009 /* ImageCache.swift */; };
		D8A87F91520191F5913848AA /* ArtViews.swift in QueueWidgets */ = {isa = PBXBuildFile; fileRef = D848606DD7BD711B76EA0D70 /* ArtViews.swift */; };
		7728E4F4EB2E2FBD6142D598 /* MeshBackground.swift in QueueWidgets */ = {isa = PBXBuildFile; fileRef = C89DCA43476EC5D8E8AD4BFB /* MeshBackground.swift */; };
		D842CEA5216D3544DEBA4ECE /* Meters.swift in QueueWidgets */ = {isa = PBXBuildFile; fileRef = 72C96B333EAAC9E35F9BCF3B /* Meters.swift */; };
		7E93728AD6CA218173400ADB /* Palette.swift in QueueWidgets */ = {isa = PBXBuildFile; fileRef = E336429D60E7B380C6E0C256 /* Palette.swift */; };
		034FBA2E3F100DCE2D85722A /* SearchOrb.swift in QueueWidgets */ = {isa = PBXBuildFile; fileRef = 40DAC6251336A306CC820F11 /* SearchOrb.swift */; };
		BAF8DB3A790218FFBE767B18 /* Hero.swift in QueueWidgets */ = {isa = PBXBuildFile; fileRef = 2D24194092ED06C36EDEEFE0 /* Hero.swift */; };
		FF344BDEFC4D7C5F76CF28BE /* OverwatchMap.swift in QueueWidgets */ = {isa = PBXBuildFile; fileRef = 112601C1B4B97FD0D3F31DDE /* OverwatchMap.swift */; };
		7A10D40F6B623A0D6B27119A /* QueueMode.swift in QueueWidgets */ = {isa = PBXBuildFile; fileRef = D0E826EE8BEF1065B4EB24C4 /* QueueMode.swift */; };
		64492689DDD176329807540A /* QueuePhase.swift in QueueWidgets */ = {isa = PBXBuildFile; fileRef = 18BDAF721DEC6387766D824A /* QueuePhase.swift */; };
		325755502AC38341B288E7C5 /* QueueSnapshot.swift in QueueWidgets */ = {isa = PBXBuildFile; fileRef = A29477E4673BAF3C65252D25 /* QueueSnapshot.swift */; };
		4C751ABC015F15B73A06423D /* Role.swift in QueueWidgets */ = {isa = PBXBuildFile; fileRef = 3A07D369DDD613B0464CA81E /* Role.swift */; };
		77808CE93B036F33807E0CB7 /* WireCoding.swift in QueueWidgets */ = {isa = PBXBuildFile; fileRef = F424EB63AD5971ED7A193EEE /* WireCoding.swift */; };
		2287A525BD09B893DB38B455 /* WireProtocol.swift in QueueWidgets */ = {isa = PBXBuildFile; fileRef = 5AE0F59B6D3ECDEFE5FCD1E9 /* WireProtocol.swift */; };
		4D11C8AC14E40CC3518C28F0 /* QueueStore.swift in QueueWidgets */ = {isa = PBXBuildFile; fileRef = B2992B15E0406704A64599AB /* QueueStore.swift */; };
		6C7D8CBE2A7A26F6E19B3904 /* SharedState.swift in QueueWidgets */ = {isa = PBXBuildFile; fileRef = 52D334DCC418B27F1E6D3DA4 /* SharedState.swift */; };
		22530CDCE8B73A9BDA53F3F0 /* TimeFormatting.swift in QueueWidgets */ = {isa = PBXBuildFile; fileRef = 2E24E8FB55110F65457DEF89 /* TimeFormatting.swift */; };
		8AEB58B995787E4FC903F967 /* DeepLink.swift in QueueWidgets */ = {isa = PBXBuildFile; fileRef = 62689D9624D4CB8AAC12E01E /* DeepLink.swift */; };
		6DA708B1E02D0FE9D3251D4F /* Pairing.swift in QueueWidgets */ = {isa = PBXBuildFile; fileRef = E6035E5992C05622FD60592A /* Pairing.swift */; };
		F4F5E673605E932506D30225 /* QueueTransport.swift in QueueWidgets */ = {isa = PBXBuildFile; fileRef = 10EAB8B4B5CA95BCFBD5164A /* QueueTransport.swift */; };
		D29C827381628C4AF66D11E7 /* WatchLink.swift in QueueWidgets */ = {isa = PBXBuildFile; fileRef = B01D383136E7D0B6E795A21D /* WatchLink.swift */; };
		223F391BA460A2CDE4C9DF98 /* WatchTransport.swift in QueueWidgets */ = {isa = PBXBuildFile; fileRef = 2FA2642931C01B205A8F7D45 /* WatchTransport.swift */; };
		CEE736B8745A48F9629DADC7 /* WebSocketTransport.swift in QueueWidgets */ = {isa = PBXBuildFile; fileRef = A518902990126A92235D0710 /* WebSocketTransport.swift */; };
		6906F45714731CBC6B8D8753 /* QueueStatusShared.swift in QueueWidgets */ = {isa = PBXBuildFile; fileRef = 6897941C613857FBCC154938 /* QueueStatusShared.swift */; };
		DEB8B2D920504AA9B3854C2A /* QueueActivityWatchView.swift in QueueWidgets */ = {isa = PBXBuildFile; fileRef = 549B5A70375368168EFFDA7E /* QueueActivityWatchView.swift */; };
		4573FB1577013B7B244AC279 /* QueueLiveActivityWidget.swift in QueueWidgets */ = {isa = PBXBuildFile; fileRef = 7A636B92BC4F8FA1BD065E82 /* QueueLiveActivityWidget.swift */; };
		2607855639BA3E02173B8B45 /* QueueStatusWidget.swift in QueueWidgets */ = {isa = PBXBuildFile; fileRef = F5851588058F90FE087A1850 /* QueueStatusWidget.swift */; };
		3CF9775BB80742B647ABDBA4 /* QueueWidgetsBundle.swift in QueueWidgets */ = {isa = PBXBuildFile; fileRef = 31E0BE0496531FDCBC826E97 /* QueueWidgetsBundle.swift */; };
		193101F23D0991CC6525069A /* Assets.xcassets in QueueWidgets */ = {isa = PBXBuildFile; fileRef = 76F5D0BC4EA614EE0252E6C0 /* Assets.xcassets */; };
		D6224D583382EAD047CC662C /* catalog-fallback.json in QueueWidgets */ = {isa = PBXBuildFile; fileRef = B6C6645AE76DCF53BCBAA2C1 /* catalog-fallback.json */; };
		3D63C32B5CB2CB6A074458B8 /* match_found.caf in QueueWidgets */ = {isa = PBXBuildFile; fileRef = 3F3D700670D50849DBE7768A /* match_found.caf */; };
		9D6FC067DC5D250C773A3DAA /* NotificationCopy.swift in OverwatchQueue Watch App */ = {isa = PBXBuildFile; fileRef = D35685FC99129719119C75BC /* NotificationCopy.swift */; };
		D9BF2182013F968925952B35 /* QueueActivityAttributes.swift in OverwatchQueue Watch App */ = {isa = PBXBuildFile; fileRef = 6B2AEB873F060228E13F4B9B /* QueueActivityAttributes.swift */; };
		EA9AFC70410919E529C82DCD /* CatalogService.swift in OverwatchQueue Watch App */ = {isa = PBXBuildFile; fileRef = 4D3558CE3531693468824E62 /* CatalogService.swift */; };
		42F93BC424939E8F79CDDB39 /* ImageCache.swift in OverwatchQueue Watch App */ = {isa = PBXBuildFile; fileRef = 9D08D081C0EA352C2D518009 /* ImageCache.swift */; };
		FD21BEE7CA057E2CC067FBB6 /* ArtViews.swift in OverwatchQueue Watch App */ = {isa = PBXBuildFile; fileRef = D848606DD7BD711B76EA0D70 /* ArtViews.swift */; };
		3D1946D9266D8E1BCDB3C2A5 /* MeshBackground.swift in OverwatchQueue Watch App */ = {isa = PBXBuildFile; fileRef = C89DCA43476EC5D8E8AD4BFB /* MeshBackground.swift */; };
		161491F81C1BF78D99EE51DE /* Meters.swift in OverwatchQueue Watch App */ = {isa = PBXBuildFile; fileRef = 72C96B333EAAC9E35F9BCF3B /* Meters.swift */; };
		2C9DCF90938A9370D32D12CB /* Palette.swift in OverwatchQueue Watch App */ = {isa = PBXBuildFile; fileRef = E336429D60E7B380C6E0C256 /* Palette.swift */; };
		78B221B1E7119E64559E541E /* SearchOrb.swift in OverwatchQueue Watch App */ = {isa = PBXBuildFile; fileRef = 40DAC6251336A306CC820F11 /* SearchOrb.swift */; };
		138628C0BD529459E4758E9F /* Hero.swift in OverwatchQueue Watch App */ = {isa = PBXBuildFile; fileRef = 2D24194092ED06C36EDEEFE0 /* Hero.swift */; };
		12057873BE14F90849C27201 /* OverwatchMap.swift in OverwatchQueue Watch App */ = {isa = PBXBuildFile; fileRef = 112601C1B4B97FD0D3F31DDE /* OverwatchMap.swift */; };
		84332983795F1FA69E6B4CC9 /* QueueMode.swift in OverwatchQueue Watch App */ = {isa = PBXBuildFile; fileRef = D0E826EE8BEF1065B4EB24C4 /* QueueMode.swift */; };
		EEB1AF048749467070E4250B /* QueuePhase.swift in OverwatchQueue Watch App */ = {isa = PBXBuildFile; fileRef = 18BDAF721DEC6387766D824A /* QueuePhase.swift */; };
		CD415A07221B7102ECB7178F /* QueueSnapshot.swift in OverwatchQueue Watch App */ = {isa = PBXBuildFile; fileRef = A29477E4673BAF3C65252D25 /* QueueSnapshot.swift */; };
		00783D9CEAE7E098D22D76BE /* Role.swift in OverwatchQueue Watch App */ = {isa = PBXBuildFile; fileRef = 3A07D369DDD613B0464CA81E /* Role.swift */; };
		50FAFD0E5FF7BE6B0D0A47EA /* WireCoding.swift in OverwatchQueue Watch App */ = {isa = PBXBuildFile; fileRef = F424EB63AD5971ED7A193EEE /* WireCoding.swift */; };
		2C5C98CC2CA60F2452791286 /* WireProtocol.swift in OverwatchQueue Watch App */ = {isa = PBXBuildFile; fileRef = 5AE0F59B6D3ECDEFE5FCD1E9 /* WireProtocol.swift */; };
		98ADC7B9BEB894CC05B34E3C /* QueueStore.swift in OverwatchQueue Watch App */ = {isa = PBXBuildFile; fileRef = B2992B15E0406704A64599AB /* QueueStore.swift */; };
		A857CA606FF50156087D5BB1 /* SharedState.swift in OverwatchQueue Watch App */ = {isa = PBXBuildFile; fileRef = 52D334DCC418B27F1E6D3DA4 /* SharedState.swift */; };
		13ABE10BEAB6AFB71986D143 /* TimeFormatting.swift in OverwatchQueue Watch App */ = {isa = PBXBuildFile; fileRef = 2E24E8FB55110F65457DEF89 /* TimeFormatting.swift */; };
		F6BACD48ED477CF33214140F /* DeepLink.swift in OverwatchQueue Watch App */ = {isa = PBXBuildFile; fileRef = 62689D9624D4CB8AAC12E01E /* DeepLink.swift */; };
		0EE9EB98113E5B8CA2583920 /* Pairing.swift in OverwatchQueue Watch App */ = {isa = PBXBuildFile; fileRef = E6035E5992C05622FD60592A /* Pairing.swift */; };
		63DA72EDE9304D368C93F2F1 /* QueueTransport.swift in OverwatchQueue Watch App */ = {isa = PBXBuildFile; fileRef = 10EAB8B4B5CA95BCFBD5164A /* QueueTransport.swift */; };
		E3738665E7D490FC57426B30 /* WatchLink.swift in OverwatchQueue Watch App */ = {isa = PBXBuildFile; fileRef = B01D383136E7D0B6E795A21D /* WatchLink.swift */; };
		0583DFDE3AEC0219C45DBFB2 /* WatchTransport.swift in OverwatchQueue Watch App */ = {isa = PBXBuildFile; fileRef = 2FA2642931C01B205A8F7D45 /* WatchTransport.swift */; };
		1489CE31880BF9BB65219FA4 /* WebSocketTransport.swift in OverwatchQueue Watch App */ = {isa = PBXBuildFile; fileRef = A518902990126A92235D0710 /* WebSocketTransport.swift */; };
		B5747CFA5316F19C6C7A57BD /* QueueStatusShared.swift in OverwatchQueue Watch App */ = {isa = PBXBuildFile; fileRef = 6897941C613857FBCC154938 /* QueueStatusShared.swift */; };
		918FEFDCC8492CF0B6C19158 /* WatchRootView.swift in OverwatchQueue Watch App */ = {isa = PBXBuildFile; fileRef = 424F9DEAE361BC342368A9D0 /* WatchRootView.swift */; };
		011AC4EBD5A8833C9264BB07 /* WatchApp.swift in OverwatchQueue Watch App */ = {isa = PBXBuildFile; fileRef = 36C42BD053D66D8FFF12B658 /* WatchApp.swift */; };
		A302318E0885E858EA9A5331 /* WatchAppDelegate.swift in OverwatchQueue Watch App */ = {isa = PBXBuildFile; fileRef = C96CDB40A77D97AA651F62FC /* WatchAppDelegate.swift */; };
		81CE451E25838B300778855A /* WatchModel.swift in OverwatchQueue Watch App */ = {isa = PBXBuildFile; fileRef = 0C32EC54B7DFC1114C249079 /* WatchModel.swift */; };
		2A8A4DD0DBBF0723F9BDFE86 /* Assets.xcassets in OverwatchQueue Watch App */ = {isa = PBXBuildFile; fileRef = C244CEFDB0279941691593D0 /* Assets.xcassets */; };
		12CC55BBAFC065C0903F7252 /* catalog-fallback.json in OverwatchQueue Watch App */ = {isa = PBXBuildFile; fileRef = B6C6645AE76DCF53BCBAA2C1 /* catalog-fallback.json */; };
		1FD818682D4891E49C1781CA /* match_found.caf in OverwatchQueue Watch App */ = {isa = PBXBuildFile; fileRef = 3F3D700670D50849DBE7768A /* match_found.caf */; };
		13DD23A467612BBA0AD685B7 /* NotificationCopy.swift in WatchQueueWidgets */ = {isa = PBXBuildFile; fileRef = D35685FC99129719119C75BC /* NotificationCopy.swift */; };
		24E796FA3638175499095035 /* QueueActivityAttributes.swift in WatchQueueWidgets */ = {isa = PBXBuildFile; fileRef = 6B2AEB873F060228E13F4B9B /* QueueActivityAttributes.swift */; };
		E4F0DD61B4811C69719EF427 /* CatalogService.swift in WatchQueueWidgets */ = {isa = PBXBuildFile; fileRef = 4D3558CE3531693468824E62 /* CatalogService.swift */; };
		C56C2F1AD14AF4816E2A2FE3 /* ImageCache.swift in WatchQueueWidgets */ = {isa = PBXBuildFile; fileRef = 9D08D081C0EA352C2D518009 /* ImageCache.swift */; };
		786380EF125AA3EFF41164FB /* ArtViews.swift in WatchQueueWidgets */ = {isa = PBXBuildFile; fileRef = D848606DD7BD711B76EA0D70 /* ArtViews.swift */; };
		D13B26DE151C358D9B789744 /* MeshBackground.swift in WatchQueueWidgets */ = {isa = PBXBuildFile; fileRef = C89DCA43476EC5D8E8AD4BFB /* MeshBackground.swift */; };
		E3924E76FB762D8CE45A7D8E /* Meters.swift in WatchQueueWidgets */ = {isa = PBXBuildFile; fileRef = 72C96B333EAAC9E35F9BCF3B /* Meters.swift */; };
		CE1297DC5ACFA9423FC95DE0 /* Palette.swift in WatchQueueWidgets */ = {isa = PBXBuildFile; fileRef = E336429D60E7B380C6E0C256 /* Palette.swift */; };
		0B75660CA537DEC330D25A1A /* SearchOrb.swift in WatchQueueWidgets */ = {isa = PBXBuildFile; fileRef = 40DAC6251336A306CC820F11 /* SearchOrb.swift */; };
		D9798781213CE83C96073A40 /* Hero.swift in WatchQueueWidgets */ = {isa = PBXBuildFile; fileRef = 2D24194092ED06C36EDEEFE0 /* Hero.swift */; };
		CA96650896DF4EB0F0DA934B /* OverwatchMap.swift in WatchQueueWidgets */ = {isa = PBXBuildFile; fileRef = 112601C1B4B97FD0D3F31DDE /* OverwatchMap.swift */; };
		8D7D2BE6EF9386EA16CAA13C /* QueueMode.swift in WatchQueueWidgets */ = {isa = PBXBuildFile; fileRef = D0E826EE8BEF1065B4EB24C4 /* QueueMode.swift */; };
		5B2DB8F8F961483A8108C489 /* QueuePhase.swift in WatchQueueWidgets */ = {isa = PBXBuildFile; fileRef = 18BDAF721DEC6387766D824A /* QueuePhase.swift */; };
		47E1746DC9ED616B6E39C811 /* QueueSnapshot.swift in WatchQueueWidgets */ = {isa = PBXBuildFile; fileRef = A29477E4673BAF3C65252D25 /* QueueSnapshot.swift */; };
		67402E526A416DC1B4E4B7C8 /* Role.swift in WatchQueueWidgets */ = {isa = PBXBuildFile; fileRef = 3A07D369DDD613B0464CA81E /* Role.swift */; };
		71F941AD4AE0918DDEFEBB90 /* WireCoding.swift in WatchQueueWidgets */ = {isa = PBXBuildFile; fileRef = F424EB63AD5971ED7A193EEE /* WireCoding.swift */; };
		13E1A2AE63EE3FDB226F4366 /* WireProtocol.swift in WatchQueueWidgets */ = {isa = PBXBuildFile; fileRef = 5AE0F59B6D3ECDEFE5FCD1E9 /* WireProtocol.swift */; };
		E3C3793065EB4A761784EA02 /* QueueStore.swift in WatchQueueWidgets */ = {isa = PBXBuildFile; fileRef = B2992B15E0406704A64599AB /* QueueStore.swift */; };
		36FB15EB8B3BBE7F57B73F22 /* SharedState.swift in WatchQueueWidgets */ = {isa = PBXBuildFile; fileRef = 52D334DCC418B27F1E6D3DA4 /* SharedState.swift */; };
		78E6DAFB6F2FB56DFD59A663 /* TimeFormatting.swift in WatchQueueWidgets */ = {isa = PBXBuildFile; fileRef = 2E24E8FB55110F65457DEF89 /* TimeFormatting.swift */; };
		F5771B5762C40C6ACF5ECE25 /* DeepLink.swift in WatchQueueWidgets */ = {isa = PBXBuildFile; fileRef = 62689D9624D4CB8AAC12E01E /* DeepLink.swift */; };
		06A8F44684DF655B5EEBF531 /* Pairing.swift in WatchQueueWidgets */ = {isa = PBXBuildFile; fileRef = E6035E5992C05622FD60592A /* Pairing.swift */; };
		6E79224953B7C67E51ECE6F1 /* QueueTransport.swift in WatchQueueWidgets */ = {isa = PBXBuildFile; fileRef = 10EAB8B4B5CA95BCFBD5164A /* QueueTransport.swift */; };
		ACF886D40377B2F8BA3D43A4 /* WatchLink.swift in WatchQueueWidgets */ = {isa = PBXBuildFile; fileRef = B01D383136E7D0B6E795A21D /* WatchLink.swift */; };
		C0EAE60336945E53E66C7888 /* WatchTransport.swift in WatchQueueWidgets */ = {isa = PBXBuildFile; fileRef = 2FA2642931C01B205A8F7D45 /* WatchTransport.swift */; };
		6BB4C97641575C471288FF6A /* WebSocketTransport.swift in WatchQueueWidgets */ = {isa = PBXBuildFile; fileRef = A518902990126A92235D0710 /* WebSocketTransport.swift */; };
		682364D2F2C6502B76A70367 /* QueueStatusShared.swift in WatchQueueWidgets */ = {isa = PBXBuildFile; fileRef = 6897941C613857FBCC154938 /* QueueStatusShared.swift */; };
		B36345E59D7F296D70C8A660 /* WatchWidgetsBundle.swift in WatchQueueWidgets */ = {isa = PBXBuildFile; fileRef = 0A9A41F77A0BF6C1852394B5 /* WatchWidgetsBundle.swift */; };
		901A0080FE4472DD5E36853D /* Assets.xcassets in WatchQueueWidgets */ = {isa = PBXBuildFile; fileRef = C244CEFDB0279941691593D0 /* Assets.xcassets */; };
		954DBEFE84DB69FC75243667 /* catalog-fallback.json in WatchQueueWidgets */ = {isa = PBXBuildFile; fileRef = B6C6645AE76DCF53BCBAA2C1 /* catalog-fallback.json */; };
		CE7C4FFA6012B425F43F282B /* match_found.caf in WatchQueueWidgets */ = {isa = PBXBuildFile; fileRef = 3F3D700670D50849DBE7768A /* match_found.caf */; };
		C85BBF45F58E411C01B4031E /* NotificationCopy.swift in QueueKitTests */ = {isa = PBXBuildFile; fileRef = D35685FC99129719119C75BC /* NotificationCopy.swift */; };
		93D215152344CD9FFECF1D5B /* QueueActivityAttributes.swift in QueueKitTests */ = {isa = PBXBuildFile; fileRef = 6B2AEB873F060228E13F4B9B /* QueueActivityAttributes.swift */; };
		11BE56063038858C4EE91D76 /* CatalogService.swift in QueueKitTests */ = {isa = PBXBuildFile; fileRef = 4D3558CE3531693468824E62 /* CatalogService.swift */; };
		076D7CF32F39D9F06E9B25A1 /* ImageCache.swift in QueueKitTests */ = {isa = PBXBuildFile; fileRef = 9D08D081C0EA352C2D518009 /* ImageCache.swift */; };
		D2E6929C85B1FA8EA2D45A8C /* ArtViews.swift in QueueKitTests */ = {isa = PBXBuildFile; fileRef = D848606DD7BD711B76EA0D70 /* ArtViews.swift */; };
		69001AFA792C08D6CE3D2ECB /* MeshBackground.swift in QueueKitTests */ = {isa = PBXBuildFile; fileRef = C89DCA43476EC5D8E8AD4BFB /* MeshBackground.swift */; };
		9472336C9882C5EE13CC3AD8 /* Meters.swift in QueueKitTests */ = {isa = PBXBuildFile; fileRef = 72C96B333EAAC9E35F9BCF3B /* Meters.swift */; };
		29612B2E679B9E008000D04F /* Palette.swift in QueueKitTests */ = {isa = PBXBuildFile; fileRef = E336429D60E7B380C6E0C256 /* Palette.swift */; };
		C23F27508C137EA1E1DDA8DA /* SearchOrb.swift in QueueKitTests */ = {isa = PBXBuildFile; fileRef = 40DAC6251336A306CC820F11 /* SearchOrb.swift */; };
		D46DE347C2CDBD974AE00439 /* Hero.swift in QueueKitTests */ = {isa = PBXBuildFile; fileRef = 2D24194092ED06C36EDEEFE0 /* Hero.swift */; };
		0FD484A1D3102E3B30357416 /* OverwatchMap.swift in QueueKitTests */ = {isa = PBXBuildFile; fileRef = 112601C1B4B97FD0D3F31DDE /* OverwatchMap.swift */; };
		1854D7F79B3B4C6E7748A758 /* QueueMode.swift in QueueKitTests */ = {isa = PBXBuildFile; fileRef = D0E826EE8BEF1065B4EB24C4 /* QueueMode.swift */; };
		301CCC00A7CE5A33F947932D /* QueuePhase.swift in QueueKitTests */ = {isa = PBXBuildFile; fileRef = 18BDAF721DEC6387766D824A /* QueuePhase.swift */; };
		72358790E1C9E7815BBEB177 /* QueueSnapshot.swift in QueueKitTests */ = {isa = PBXBuildFile; fileRef = A29477E4673BAF3C65252D25 /* QueueSnapshot.swift */; };
		406665F6ED12435417948D62 /* Role.swift in QueueKitTests */ = {isa = PBXBuildFile; fileRef = 3A07D369DDD613B0464CA81E /* Role.swift */; };
		4BD3AF7DAB710D47193CEC9C /* WireCoding.swift in QueueKitTests */ = {isa = PBXBuildFile; fileRef = F424EB63AD5971ED7A193EEE /* WireCoding.swift */; };
		624EAF92027393D4E94CC4A3 /* WireProtocol.swift in QueueKitTests */ = {isa = PBXBuildFile; fileRef = 5AE0F59B6D3ECDEFE5FCD1E9 /* WireProtocol.swift */; };
		C4A9D201503A75D8F99921CA /* QueueStore.swift in QueueKitTests */ = {isa = PBXBuildFile; fileRef = B2992B15E0406704A64599AB /* QueueStore.swift */; };
		E4F421D8C132548CAA3DE002 /* SharedState.swift in QueueKitTests */ = {isa = PBXBuildFile; fileRef = 52D334DCC418B27F1E6D3DA4 /* SharedState.swift */; };
		98799D6CE22FD0E79A98C21C /* TimeFormatting.swift in QueueKitTests */ = {isa = PBXBuildFile; fileRef = 2E24E8FB55110F65457DEF89 /* TimeFormatting.swift */; };
		49BD72BB67809B5920590A6E /* DeepLink.swift in QueueKitTests */ = {isa = PBXBuildFile; fileRef = 62689D9624D4CB8AAC12E01E /* DeepLink.swift */; };
		37BE08A27AB985FCD4288829 /* Pairing.swift in QueueKitTests */ = {isa = PBXBuildFile; fileRef = E6035E5992C05622FD60592A /* Pairing.swift */; };
		6590E270B203986BD9DF4D9A /* QueueTransport.swift in QueueKitTests */ = {isa = PBXBuildFile; fileRef = 10EAB8B4B5CA95BCFBD5164A /* QueueTransport.swift */; };
		62CF52A1F3922E683B57697E /* WatchLink.swift in QueueKitTests */ = {isa = PBXBuildFile; fileRef = B01D383136E7D0B6E795A21D /* WatchLink.swift */; };
		5410C0F5BA5D65F9A201677A /* WatchTransport.swift in QueueKitTests */ = {isa = PBXBuildFile; fileRef = 2FA2642931C01B205A8F7D45 /* WatchTransport.swift */; };
		C3BDEDD25CA31C00140184B7 /* WebSocketTransport.swift in QueueKitTests */ = {isa = PBXBuildFile; fileRef = A518902990126A92235D0710 /* WebSocketTransport.swift */; };
		1281BAF29B1FB332DC26E02B /* QueueStatusShared.swift in QueueKitTests */ = {isa = PBXBuildFile; fileRef = 6897941C613857FBCC154938 /* QueueStatusShared.swift */; };
		581EBCB27826E2E23AD3EA0B /* DeepLinkTests.swift in QueueKitTests */ = {isa = PBXBuildFile; fileRef = EC9259A65DC652AD88872EA3 /* DeepLinkTests.swift */; };
		7974AB10858DC333A6BACEAA /* PairingTests.swift in QueueKitTests */ = {isa = PBXBuildFile; fileRef = 42A8C109434B734937E3F222 /* PairingTests.swift */; };
		C398537B44F77B3E9C37440C /* QueueFlowTests.swift in QueueKitTests */ = {isa = PBXBuildFile; fileRef = E6C011C75766DAFBD287BE49 /* QueueFlowTests.swift */; };
		1F7AC518CEA70B427A1E7BB2 /* WatchTransportTests.swift in QueueKitTests */ = {isa = PBXBuildFile; fileRef = A02A3426807971E70BEF33DE /* WatchTransportTests.swift */; };
		F56C4CC6D58ADA38D9673AC5 /* WireFormatTests.swift in QueueKitTests */ = {isa = PBXBuildFile; fileRef = 3F6ABE9B0A695EEC57459C64 /* WireFormatTests.swift */; };
		0C7AE45D145910136A5387C1 /* catalog-fallback.json in QueueKitTests */ = {isa = PBXBuildFile; fileRef = B6C6645AE76DCF53BCBAA2C1 /* catalog-fallback.json */; };
		C7569AA69DC3FC18A9BAEDA5 /* match_found.caf in QueueKitTests */ = {isa = PBXBuildFile; fileRef = 3F3D700670D50849DBE7768A /* match_found.caf */; };
		EBFB4D1A7EE20658B53354E3 /* QueueWidgets.appex in Embed */ = {isa = PBXBuildFile; fileRef = 3E4A586A896575F13D8EC72C /* QueueWidgets.appex */; settings = {ATTRIBUTES = (RemoveHeadersOnCopy, ); }; };
		5BA2431BCA520B75FDD0D6B0 /* OverwatchQueue Watch App.app in Embed */ = {isa = PBXBuildFile; fileRef = 76F69111ACF81C83B7705C45 /* OverwatchQueue Watch App.app */; settings = {ATTRIBUTES = (RemoveHeadersOnCopy, ); }; };
		0C33FCFF2A5828E00B8C4D89 /* WatchQueueWidgets.appex in Embed */ = {isa = PBXBuildFile; fileRef = FB46D0B1859F7E2A474C8675 /* WatchQueueWidgets.appex */; settings = {ATTRIBUTES = (RemoveHeadersOnCopy, ); }; };
/* End PBXBuildFile section */

/* Begin PBXContainerItemProxy section */
		69C813D5A9F5CC5185E09C7A /* PBXContainerItemProxy */ = {
			isa = PBXContainerItemProxy;
			containerPortal = 46F86FAA6BBF9AC94A7E4595 /* Project object */;
			proxyType = 1;
			remoteGlobalIDString = 0EA914651630B05E2C1B073C;
			remoteInfo = "QueueWidgets";
		};
		942CB4D316CAC6492027EC9E /* PBXContainerItemProxy */ = {
			isa = PBXContainerItemProxy;
			containerPortal = 46F86FAA6BBF9AC94A7E4595 /* Project object */;
			proxyType = 1;
			remoteGlobalIDString = 4B3456C3841023DCA54230E3;
			remoteInfo = "OverwatchQueue Watch App";
		};
		140367E811A5E627466A5F58 /* PBXContainerItemProxy */ = {
			isa = PBXContainerItemProxy;
			containerPortal = 46F86FAA6BBF9AC94A7E4595 /* Project object */;
			proxyType = 1;
			remoteGlobalIDString = D847A6B12200AEF668AF71EB;
			remoteInfo = "WatchQueueWidgets";
		};
		1D7E8F715A9AEB5069BB361B /* PBXContainerItemProxy */ = {
			isa = PBXContainerItemProxy;
			containerPortal = 46F86FAA6BBF9AC94A7E4595 /* Project object */;
			proxyType = 1;
			remoteGlobalIDString = 7137DB3FC59868A5DC42A2E1;
			remoteInfo = "OverwatchQueue";
		};
/* End PBXContainerItemProxy section */

/* Begin PBXTargetDependency section */
		F80E1BC4A8BAC30A6B71F935 /* PBXTargetDependency */ = {
			isa = PBXTargetDependency;
			target = 0EA914651630B05E2C1B073C /* QueueWidgets */;
			targetProxy = 69C813D5A9F5CC5185E09C7A /* PBXContainerItemProxy */;
		};
		2CE8ABC0E8D2775299C483C1 /* PBXTargetDependency */ = {
			isa = PBXTargetDependency;
			target = 4B3456C3841023DCA54230E3 /* OverwatchQueue Watch App */;
			targetProxy = 942CB4D316CAC6492027EC9E /* PBXContainerItemProxy */;
		};
		6FED5340494331A979A56571 /* PBXTargetDependency */ = {
			isa = PBXTargetDependency;
			target = D847A6B12200AEF668AF71EB /* WatchQueueWidgets */;
			targetProxy = 140367E811A5E627466A5F58 /* PBXContainerItemProxy */;
		};
		F5773DBA86B62E0B60BE2B33 /* PBXTargetDependency */ = {
			isa = PBXTargetDependency;
			target = 7137DB3FC59868A5DC42A2E1 /* OverwatchQueue */;
			targetProxy = 1D7E8F715A9AEB5069BB361B /* PBXContainerItemProxy */;
		};
/* End PBXTargetDependency section */

/* Begin PBXFileReference section */
		D35685FC99129719119C75BC /* NotificationCopy.swift */ = {isa = PBXFileReference; lastKnownFileType = sourcecode.swift; name = "NotificationCopy.swift"; path = "Shared/Activity/NotificationCopy.swift"; sourceTree = "<group>"; };
		6B2AEB873F060228E13F4B9B /* QueueActivityAttributes.swift */ = {isa = PBXFileReference; lastKnownFileType = sourcecode.swift; name = "QueueActivityAttributes.swift"; path = "Shared/Activity/QueueActivityAttributes.swift"; sourceTree = "<group>"; };
		4D3558CE3531693468824E62 /* CatalogService.swift */ = {isa = PBXFileReference; lastKnownFileType = sourcecode.swift; name = "CatalogService.swift"; path = "Shared/Catalog/CatalogService.swift"; sourceTree = "<group>"; };
		9D08D081C0EA352C2D518009 /* ImageCache.swift */ = {isa = PBXFileReference; lastKnownFileType = sourcecode.swift; name = "ImageCache.swift"; path = "Shared/Catalog/ImageCache.swift"; sourceTree = "<group>"; };
		D848606DD7BD711B76EA0D70 /* ArtViews.swift */ = {isa = PBXFileReference; lastKnownFileType = sourcecode.swift; name = "ArtViews.swift"; path = "Shared/Design/ArtViews.swift"; sourceTree = "<group>"; };
		C89DCA43476EC5D8E8AD4BFB /* MeshBackground.swift */ = {isa = PBXFileReference; lastKnownFileType = sourcecode.swift; name = "MeshBackground.swift"; path = "Shared/Design/MeshBackground.swift"; sourceTree = "<group>"; };
		72C96B333EAAC9E35F9BCF3B /* Meters.swift */ = {isa = PBXFileReference; lastKnownFileType = sourcecode.swift; name = "Meters.swift"; path = "Shared/Design/Meters.swift"; sourceTree = "<group>"; };
		E336429D60E7B380C6E0C256 /* Palette.swift */ = {isa = PBXFileReference; lastKnownFileType = sourcecode.swift; name = "Palette.swift"; path = "Shared/Design/Palette.swift"; sourceTree = "<group>"; };
		40DAC6251336A306CC820F11 /* SearchOrb.swift */ = {isa = PBXFileReference; lastKnownFileType = sourcecode.swift; name = "SearchOrb.swift"; path = "Shared/Design/SearchOrb.swift"; sourceTree = "<group>"; };
		2D24194092ED06C36EDEEFE0 /* Hero.swift */ = {isa = PBXFileReference; lastKnownFileType = sourcecode.swift; name = "Hero.swift"; path = "Shared/Model/Hero.swift"; sourceTree = "<group>"; };
		112601C1B4B97FD0D3F31DDE /* OverwatchMap.swift */ = {isa = PBXFileReference; lastKnownFileType = sourcecode.swift; name = "OverwatchMap.swift"; path = "Shared/Model/OverwatchMap.swift"; sourceTree = "<group>"; };
		D0E826EE8BEF1065B4EB24C4 /* QueueMode.swift */ = {isa = PBXFileReference; lastKnownFileType = sourcecode.swift; name = "QueueMode.swift"; path = "Shared/Model/QueueMode.swift"; sourceTree = "<group>"; };
		18BDAF721DEC6387766D824A /* QueuePhase.swift */ = {isa = PBXFileReference; lastKnownFileType = sourcecode.swift; name = "QueuePhase.swift"; path = "Shared/Model/QueuePhase.swift"; sourceTree = "<group>"; };
		A29477E4673BAF3C65252D25 /* QueueSnapshot.swift */ = {isa = PBXFileReference; lastKnownFileType = sourcecode.swift; name = "QueueSnapshot.swift"; path = "Shared/Model/QueueSnapshot.swift"; sourceTree = "<group>"; };
		3A07D369DDD613B0464CA81E /* Role.swift */ = {isa = PBXFileReference; lastKnownFileType = sourcecode.swift; name = "Role.swift"; path = "Shared/Model/Role.swift"; sourceTree = "<group>"; };
		F424EB63AD5971ED7A193EEE /* WireCoding.swift */ = {isa = PBXFileReference; lastKnownFileType = sourcecode.swift; name = "WireCoding.swift"; path = "Shared/Protocol/WireCoding.swift"; sourceTree = "<group>"; };
		5AE0F59B6D3ECDEFE5FCD1E9 /* WireProtocol.swift */ = {isa = PBXFileReference; lastKnownFileType = sourcecode.swift; name = "WireProtocol.swift"; path = "Shared/Protocol/WireProtocol.swift"; sourceTree = "<group>"; };
		B2992B15E0406704A64599AB /* QueueStore.swift */ = {isa = PBXFileReference; lastKnownFileType = sourcecode.swift; name = "QueueStore.swift"; path = "Shared/Store/QueueStore.swift"; sourceTree = "<group>"; };
		52D334DCC418B27F1E6D3DA4 /* SharedState.swift */ = {isa = PBXFileReference; lastKnownFileType = sourcecode.swift; name = "SharedState.swift"; path = "Shared/Store/SharedState.swift"; sourceTree = "<group>"; };
		2E24E8FB55110F65457DEF89 /* TimeFormatting.swift */ = {isa = PBXFileReference; lastKnownFileType = sourcecode.swift; name = "TimeFormatting.swift"; path = "Shared/Store/TimeFormatting.swift"; sourceTree = "<group>"; };
		62689D9624D4CB8AAC12E01E /* DeepLink.swift */ = {isa = PBXFileReference; lastKnownFileType = sourcecode.swift; name = "DeepLink.swift"; path = "Shared/Transport/DeepLink.swift"; sourceTree = "<group>"; };
		E6035E5992C05622FD60592A /* Pairing.swift */ = {isa = PBXFileReference; lastKnownFileType = sourcecode.swift; name = "Pairing.swift"; path = "Shared/Transport/Pairing.swift"; sourceTree = "<group>"; };
		10EAB8B4B5CA95BCFBD5164A /* QueueTransport.swift */ = {isa = PBXFileReference; lastKnownFileType = sourcecode.swift; name = "QueueTransport.swift"; path = "Shared/Transport/QueueTransport.swift"; sourceTree = "<group>"; };
		B01D383136E7D0B6E795A21D /* WatchLink.swift */ = {isa = PBXFileReference; lastKnownFileType = sourcecode.swift; name = "WatchLink.swift"; path = "Shared/Transport/WatchLink.swift"; sourceTree = "<group>"; };
		2FA2642931C01B205A8F7D45 /* WatchTransport.swift */ = {isa = PBXFileReference; lastKnownFileType = sourcecode.swift; name = "WatchTransport.swift"; path = "Shared/Transport/WatchTransport.swift"; sourceTree = "<group>"; };
		A518902990126A92235D0710 /* WebSocketTransport.swift */ = {isa = PBXFileReference; lastKnownFileType = sourcecode.swift; name = "WebSocketTransport.swift"; path = "Shared/Transport/WebSocketTransport.swift"; sourceTree = "<group>"; };
		6897941C613857FBCC154938 /* QueueStatusShared.swift */ = {isa = PBXFileReference; lastKnownFileType = sourcecode.swift; name = "QueueStatusShared.swift"; path = "Shared/Widgets/QueueStatusShared.swift"; sourceTree = "<group>"; };
		01587191C9109C1DAC67D85D /* AppDelegate.swift */ = {isa = PBXFileReference; lastKnownFileType = sourcecode.swift; name = "AppDelegate.swift"; path = "iOS/AppDelegate.swift"; sourceTree = "<group>"; };
		29DF2B8BE2EF5C493858746B /* AppModel.swift */ = {isa = PBXFileReference; lastKnownFileType = sourcecode.swift; name = "AppModel.swift"; path = "iOS/AppModel.swift"; sourceTree = "<group>"; };
		516A79586CC4845AD0460BCD /* Haptics.swift */ = {isa = PBXFileReference; lastKnownFileType = sourcecode.swift; name = "Haptics.swift"; path = "iOS/Haptics.swift"; sourceTree = "<group>"; };
		A252FBF4A2314152088C54AF /* LiveActivityController.swift */ = {isa = PBXFileReference; lastKnownFileType = sourcecode.swift; name = "LiveActivityController.swift"; path = "iOS/LiveActivityController.swift"; sourceTree = "<group>"; };
		751BC043A791B4D0CB12AD94 /* OverwatchQueueApp.swift */ = {isa = PBXFileReference; lastKnownFileType = sourcecode.swift; name = "OverwatchQueueApp.swift"; path = "iOS/OverwatchQueueApp.swift"; sourceTree = "<group>"; };
		617D658CA1B9C5CF92DB7C7D /* SoundPlayer.swift */ = {isa = PBXFileReference; lastKnownFileType = sourcecode.swift; name = "SoundPlayer.swift"; path = "iOS/SoundPlayer.swift"; sourceTree = "<group>"; };
		905DCA64AC2D42002B981E4B /* HeroSelectView.swift */ = {isa = PBXFileReference; lastKnownFileType = sourcecode.swift; name = "HeroSelectView.swift"; path = "iOS/Views/HeroSelectView.swift"; sourceTree = "<group>"; };
		01DB8FF6093CA78F0D85A73A /* MapVoteView.swift */ = {isa = PBXFileReference; lastKnownFileType = sourcecode.swift; name = "MapVoteView.swift"; path = "iOS/Views/MapVoteView.swift"; sourceTree = "<group>"; };
		0C36BE04804A9D9B4F3ECD05 /* MatchFoundView.swift */ = {isa = PBXFileReference; lastKnownFileType = sourcecode.swift; name = "MatchFoundView.swift"; path = "iOS/Views/MatchFoundView.swift"; sourceTree = "<group>"; };
		768C658399A8E8C484C7D73E /* PairingView.swift */ = {isa = PBXFileReference; lastKnownFileType = sourcecode.swift; name = "PairingView.swift"; path = "iOS/Views/PairingView.swift"; sourceTree = "<group>"; };
		8C6314FB895FB020DC217D24 /* RootView.swift */ = {isa = PBXFileReference; lastKnownFileType = sourcecode.swift; name = "RootView.swift"; path = "iOS/Views/RootView.swift"; sourceTree = "<group>"; };
		6D197AAE8CB99CF568FC65D5 /* SettingsView.swift */ = {isa = PBXFileReference; lastKnownFileType = sourcecode.swift; name = "SettingsView.swift"; path = "iOS/Views/SettingsView.swift"; sourceTree = "<group>"; };
		76F5D0BC4EA614EE0252E6C0 /* Assets.xcassets */ = {isa = PBXFileReference; lastKnownFileType = folder.assetcatalog; name = "Assets.xcassets"; path = "iOS/Assets.xcassets"; sourceTree = "<group>"; };
		B6C6645AE76DCF53BCBAA2C1 /* catalog-fallback.json */ = {isa = PBXFileReference; lastKnownFileType = text.json; name = "catalog-fallback.json"; path = "Shared/Resources/catalog-fallback.json"; sourceTree = "<group>"; };
		3F3D700670D50849DBE7768A /* match_found.caf */ = {isa = PBXFileReference; lastKnownFileType = file; name = "match_found.caf"; path = "Shared/Resources/match_found.caf"; sourceTree = "<group>"; };
		549B5A70375368168EFFDA7E /* QueueActivityWatchView.swift */ = {isa = PBXFileReference; lastKnownFileType = sourcecode.swift; name = "QueueActivityWatchView.swift"; path = "Widgets/QueueActivityWatchView.swift"; sourceTree = "<group>"; };
		7A636B92BC4F8FA1BD065E82 /* QueueLiveActivityWidget.swift */ = {isa = PBXFileReference; lastKnownFileType = sourcecode.swift; name = "QueueLiveActivityWidget.swift"; path = "Widgets/QueueLiveActivityWidget.swift"; sourceTree = "<group>"; };
		F5851588058F90FE087A1850 /* QueueStatusWidget.swift */ = {isa = PBXFileReference; lastKnownFileType = sourcecode.swift; name = "QueueStatusWidget.swift"; path = "Widgets/QueueStatusWidget.swift"; sourceTree = "<group>"; };
		31E0BE0496531FDCBC826E97 /* QueueWidgetsBundle.swift */ = {isa = PBXFileReference; lastKnownFileType = sourcecode.swift; name = "QueueWidgetsBundle.swift"; path = "Widgets/QueueWidgetsBundle.swift"; sourceTree = "<group>"; };
		424F9DEAE361BC342368A9D0 /* WatchRootView.swift */ = {isa = PBXFileReference; lastKnownFileType = sourcecode.swift; name = "WatchRootView.swift"; path = "Watch/Views/WatchRootView.swift"; sourceTree = "<group>"; };
		36C42BD053D66D8FFF12B658 /* WatchApp.swift */ = {isa = PBXFileReference; lastKnownFileType = sourcecode.swift; name = "WatchApp.swift"; path = "Watch/WatchApp.swift"; sourceTree = "<group>"; };
		C96CDB40A77D97AA651F62FC /* WatchAppDelegate.swift */ = {isa = PBXFileReference; lastKnownFileType = sourcecode.swift; name = "WatchAppDelegate.swift"; path = "Watch/WatchAppDelegate.swift"; sourceTree = "<group>"; };
		0C32EC54B7DFC1114C249079 /* WatchModel.swift */ = {isa = PBXFileReference; lastKnownFileType = sourcecode.swift; name = "WatchModel.swift"; path = "Watch/WatchModel.swift"; sourceTree = "<group>"; };
		C244CEFDB0279941691593D0 /* Assets.xcassets */ = {isa = PBXFileReference; lastKnownFileType = folder.assetcatalog; name = "Assets.xcassets"; path = "Watch/Assets.xcassets"; sourceTree = "<group>"; };
		0A9A41F77A0BF6C1852394B5 /* WatchWidgetsBundle.swift */ = {isa = PBXFileReference; lastKnownFileType = sourcecode.swift; name = "WatchWidgetsBundle.swift"; path = "WatchWidgets/WatchWidgetsBundle.swift"; sourceTree = "<group>"; };
		EC9259A65DC652AD88872EA3 /* DeepLinkTests.swift */ = {isa = PBXFileReference; lastKnownFileType = sourcecode.swift; name = "DeepLinkTests.swift"; path = "Tests/DeepLinkTests.swift"; sourceTree = "<group>"; };
		42A8C109434B734937E3F222 /* PairingTests.swift */ = {isa = PBXFileReference; lastKnownFileType = sourcecode.swift; name = "PairingTests.swift"; path = "Tests/PairingTests.swift"; sourceTree = "<group>"; };
		E6C011C75766DAFBD287BE49 /* QueueFlowTests.swift */ = {isa = PBXFileReference; lastKnownFileType = sourcecode.swift; name = "QueueFlowTests.swift"; path = "Tests/QueueFlowTests.swift"; sourceTree = "<group>"; };
		A02A3426807971E70BEF33DE /* WatchTransportTests.swift */ = {isa = PBXFileReference; lastKnownFileType = sourcecode.swift; name = "WatchTransportTests.swift"; path = "Tests/WatchTransportTests.swift"; sourceTree = "<group>"; };
		3F6ABE9B0A695EEC57459C64 /* WireFormatTests.swift */ = {isa = PBXFileReference; lastKnownFileType = sourcecode.swift; name = "WireFormatTests.swift"; path = "Tests/WireFormatTests.swift"; sourceTree = "<group>"; };
		4CE1D0070D8D8A8AB7D6DCAC /* Info.plist */ = {isa = PBXFileReference; lastKnownFileType = text.plist.xml; name = "Info.plist"; path = "iOS/Info.plist"; sourceTree = "<group>"; };
		53D95F872FF9C689FEFFA833 /* OverwatchQueue.entitlements */ = {isa = PBXFileReference; lastKnownFileType = text.plist.entitlements; name = "OverwatchQueue.entitlements"; path = "iOS/OverwatchQueue.entitlements"; sourceTree = "<group>"; };
		A11F13170AC846AE2124A915 /* Info.plist */ = {isa = PBXFileReference; lastKnownFileType = text.plist.xml; name = "Info.plist"; path = "Widgets/Info.plist"; sourceTree = "<group>"; };
		C27F1840EE3925F3828C08CE /* QueueWidgets.entitlements */ = {isa = PBXFileReference; lastKnownFileType = text.plist.entitlements; name = "QueueWidgets.entitlements"; path = "Widgets/QueueWidgets.entitlements"; sourceTree = "<group>"; };
		E1476BA2322DED27E0803DC3 /* Info.plist */ = {isa = PBXFileReference; lastKnownFileType = text.plist.xml; name = "Info.plist"; path = "Watch/Info.plist"; sourceTree = "<group>"; };
		9851A68FE2AD78D9E1FFCFEA /* Watch.entitlements */ = {isa = PBXFileReference; lastKnownFileType = text.plist.entitlements; name = "Watch.entitlements"; path = "Watch/Watch.entitlements"; sourceTree = "<group>"; };
		D1398AE78D67C65583B62AF8 /* Info.plist */ = {isa = PBXFileReference; lastKnownFileType = text.plist.xml; name = "Info.plist"; path = "WatchWidgets/Info.plist"; sourceTree = "<group>"; };
		6A157DF6DEFAA7D4A5F6DE9A /* WatchQueueWidgets.entitlements */ = {isa = PBXFileReference; lastKnownFileType = text.plist.entitlements; name = "WatchQueueWidgets.entitlements"; path = "WatchWidgets/WatchQueueWidgets.entitlements"; sourceTree = "<group>"; };
		78E5CC47FF90E110335866BB /* OverwatchQueue.app */ = {isa = PBXFileReference; explicitFileType = "wrapper.application"; includeInIndex = 0; path = "OverwatchQueue.app"; sourceTree = BUILT_PRODUCTS_DIR; };
		3E4A586A896575F13D8EC72C /* QueueWidgets.appex */ = {isa = PBXFileReference; explicitFileType = "wrapper.app-extension"; includeInIndex = 0; path = "QueueWidgets.appex"; sourceTree = BUILT_PRODUCTS_DIR; };
		76F69111ACF81C83B7705C45 /* OverwatchQueue Watch App.app */ = {isa = PBXFileReference; explicitFileType = "wrapper.application"; includeInIndex = 0; path = "OverwatchQueue Watch App.app"; sourceTree = BUILT_PRODUCTS_DIR; };
		FB46D0B1859F7E2A474C8675 /* WatchQueueWidgets.appex */ = {isa = PBXFileReference; explicitFileType = "wrapper.app-extension"; includeInIndex = 0; path = "WatchQueueWidgets.appex"; sourceTree = BUILT_PRODUCTS_DIR; };
		658DB3421E637F007250EB1C /* QueueKitTests.xctest */ = {isa = PBXFileReference; explicitFileType = "wrapper.cfbundle"; includeInIndex = 0; path = "QueueKitTests.xctest"; sourceTree = BUILT_PRODUCTS_DIR; };
/* End PBXFileReference section */

/* Begin PBXFrameworksBuildPhase section */
		AB2F1EEB473F9BA0AB82A710 /* Frameworks */ = {
			isa = PBXFrameworksBuildPhase;
			buildActionMask = 2147483647;
			files = (
			);
			runOnlyForDeploymentPostprocessing = 0;
		};
		1331CFD27E1F54D2D2A7360A /* Frameworks */ = {
			isa = PBXFrameworksBuildPhase;
			buildActionMask = 2147483647;
			files = (
			);
			runOnlyForDeploymentPostprocessing = 0;
		};
		E09FEF1D050CAF0E6F710859 /* Frameworks */ = {
			isa = PBXFrameworksBuildPhase;
			buildActionMask = 2147483647;
			files = (
			);
			runOnlyForDeploymentPostprocessing = 0;
		};
		7FDA53EF4F68723521AFDB7F /* Frameworks */ = {
			isa = PBXFrameworksBuildPhase;
			buildActionMask = 2147483647;
			files = (
			);
			runOnlyForDeploymentPostprocessing = 0;
		};
		ACFC985211CB6671D558E665 /* Frameworks */ = {
			isa = PBXFrameworksBuildPhase;
			buildActionMask = 2147483647;
			files = (
			);
			runOnlyForDeploymentPostprocessing = 0;
		};
/* End PBXFrameworksBuildPhase section */

/* Begin PBXGroup section */
		17F256149C150F24744854F9 /* OverwatchQueue */ = {
			isa = PBXGroup;
			children = (
				51B141E1E5C40FEE5FD5E5B6 /* Shared */,
				8AEC345AF92FEBA935540FBF /* Tests */,
				97D28578B7895CB036715942 /* Watch */,
				6B7CCD07B5C285EADDD6B656 /* WatchWidgets */,
				7CA040A2C43A6335A5F98448 /* Widgets */,
				7B86B077DFA38B805F18FB14 /* iOS */,
				08E6EFA53DDAC9B63DAB9836 /* Products */,
			);
			sourceTree = "<group>";
		};
		51B141E1E5C40FEE5FD5E5B6 /* Shared */ = {
			isa = PBXGroup;
			children = (
				B1FA2DE3F8F77B6DA9EAD945 /* Activity */,
				07D6E927A07D257FE226146C /* Catalog */,
				0A615C0DFAC147A3F3B7C72B /* Design */,
				ADEDFBCF460080BE80EC2B78 /* Model */,
				FFAC3CE65D7F83C8678D3ADD /* Protocol */,
				3847090EA09BFF7B82DB1A62 /* Resources */,
				CD497A352B9C82B625A38AA6 /* Store */,
				6A1E1BCC117977F0D49F3E7B /* Transport */,
				A0763F9C7D8B7BC84C3E710C /* Widgets */,
			);
			name = "Shared";
			sourceTree = "<group>";
		};
		B1FA2DE3F8F77B6DA9EAD945 /* Activity */ = {
			isa = PBXGroup;
			children = (
				D35685FC99129719119C75BC /* NotificationCopy.swift */,
				6B2AEB873F060228E13F4B9B /* QueueActivityAttributes.swift */,
			);
			name = "Activity";
			sourceTree = "<group>";
		};
		07D6E927A07D257FE226146C /* Catalog */ = {
			isa = PBXGroup;
			children = (
				4D3558CE3531693468824E62 /* CatalogService.swift */,
				9D08D081C0EA352C2D518009 /* ImageCache.swift */,
			);
			name = "Catalog";
			sourceTree = "<group>";
		};
		0A615C0DFAC147A3F3B7C72B /* Design */ = {
			isa = PBXGroup;
			children = (
				D848606DD7BD711B76EA0D70 /* ArtViews.swift */,
				C89DCA43476EC5D8E8AD4BFB /* MeshBackground.swift */,
				72C96B333EAAC9E35F9BCF3B /* Meters.swift */,
				E336429D60E7B380C6E0C256 /* Palette.swift */,
				40DAC6251336A306CC820F11 /* SearchOrb.swift */,
			);
			name = "Design";
			sourceTree = "<group>";
		};
		ADEDFBCF460080BE80EC2B78 /* Model */ = {
			isa = PBXGroup;
			children = (
				2D24194092ED06C36EDEEFE0 /* Hero.swift */,
				112601C1B4B97FD0D3F31DDE /* OverwatchMap.swift */,
				D0E826EE8BEF1065B4EB24C4 /* QueueMode.swift */,
				18BDAF721DEC6387766D824A /* QueuePhase.swift */,
				A29477E4673BAF3C65252D25 /* QueueSnapshot.swift */,
				3A07D369DDD613B0464CA81E /* Role.swift */,
			);
			name = "Model";
			sourceTree = "<group>";
		};
		FFAC3CE65D7F83C8678D3ADD /* Protocol */ = {
			isa = PBXGroup;
			children = (
				F424EB63AD5971ED7A193EEE /* WireCoding.swift */,
				5AE0F59B6D3ECDEFE5FCD1E9 /* WireProtocol.swift */,
			);
			name = "Protocol";
			sourceTree = "<group>";
		};
		3847090EA09BFF7B82DB1A62 /* Resources */ = {
			isa = PBXGroup;
			children = (
				B6C6645AE76DCF53BCBAA2C1 /* catalog-fallback.json */,
				3F3D700670D50849DBE7768A /* match_found.caf */,
			);
			name = "Resources";
			sourceTree = "<group>";
		};
		CD497A352B9C82B625A38AA6 /* Store */ = {
			isa = PBXGroup;
			children = (
				B2992B15E0406704A64599AB /* QueueStore.swift */,
				52D334DCC418B27F1E6D3DA4 /* SharedState.swift */,
				2E24E8FB55110F65457DEF89 /* TimeFormatting.swift */,
			);
			name = "Store";
			sourceTree = "<group>";
		};
		6A1E1BCC117977F0D49F3E7B /* Transport */ = {
			isa = PBXGroup;
			children = (
				62689D9624D4CB8AAC12E01E /* DeepLink.swift */,
				E6035E5992C05622FD60592A /* Pairing.swift */,
				10EAB8B4B5CA95BCFBD5164A /* QueueTransport.swift */,
				B01D383136E7D0B6E795A21D /* WatchLink.swift */,
				2FA2642931C01B205A8F7D45 /* WatchTransport.swift */,
				A518902990126A92235D0710 /* WebSocketTransport.swift */,
			);
			name = "Transport";
			sourceTree = "<group>";
		};
		A0763F9C7D8B7BC84C3E710C /* Widgets */ = {
			isa = PBXGroup;
			children = (
				6897941C613857FBCC154938 /* QueueStatusShared.swift */,
			);
			name = "Widgets";
			sourceTree = "<group>";
		};
		8AEC345AF92FEBA935540FBF /* Tests */ = {
			isa = PBXGroup;
			children = (
				EC9259A65DC652AD88872EA3 /* DeepLinkTests.swift */,
				42A8C109434B734937E3F222 /* PairingTests.swift */,
				E6C011C75766DAFBD287BE49 /* QueueFlowTests.swift */,
				A02A3426807971E70BEF33DE /* WatchTransportTests.swift */,
				3F6ABE9B0A695EEC57459C64 /* WireFormatTests.swift */,
			);
			name = "Tests";
			sourceTree = "<group>";
		};
		97D28578B7895CB036715942 /* Watch */ = {
			isa = PBXGroup;
			children = (
				C244CEFDB0279941691593D0 /* Assets.xcassets */,
				E1476BA2322DED27E0803DC3 /* Info.plist */,
				B396DF4172677136B6054863 /* Views */,
				9851A68FE2AD78D9E1FFCFEA /* Watch.entitlements */,
				36C42BD053D66D8FFF12B658 /* WatchApp.swift */,
				C96CDB40A77D97AA651F62FC /* WatchAppDelegate.swift */,
				0C32EC54B7DFC1114C249079 /* WatchModel.swift */,
			);
			name = "Watch";
			sourceTree = "<group>";
		};
		B396DF4172677136B6054863 /* Views */ = {
			isa = PBXGroup;
			children = (
				424F9DEAE361BC342368A9D0 /* WatchRootView.swift */,
			);
			name = "Views";
			sourceTree = "<group>";
		};
		6B7CCD07B5C285EADDD6B656 /* WatchWidgets */ = {
			isa = PBXGroup;
			children = (
				D1398AE78D67C65583B62AF8 /* Info.plist */,
				6A157DF6DEFAA7D4A5F6DE9A /* WatchQueueWidgets.entitlements */,
				0A9A41F77A0BF6C1852394B5 /* WatchWidgetsBundle.swift */,
			);
			name = "WatchWidgets";
			sourceTree = "<group>";
		};
		7CA040A2C43A6335A5F98448 /* Widgets */ = {
			isa = PBXGroup;
			children = (
				A11F13170AC846AE2124A915 /* Info.plist */,
				549B5A70375368168EFFDA7E /* QueueActivityWatchView.swift */,
				7A636B92BC4F8FA1BD065E82 /* QueueLiveActivityWidget.swift */,
				F5851588058F90FE087A1850 /* QueueStatusWidget.swift */,
				C27F1840EE3925F3828C08CE /* QueueWidgets.entitlements */,
				31E0BE0496531FDCBC826E97 /* QueueWidgetsBundle.swift */,
			);
			name = "Widgets";
			sourceTree = "<group>";
		};
		7B86B077DFA38B805F18FB14 /* iOS */ = {
			isa = PBXGroup;
			children = (
				01587191C9109C1DAC67D85D /* AppDelegate.swift */,
				29DF2B8BE2EF5C493858746B /* AppModel.swift */,
				76F5D0BC4EA614EE0252E6C0 /* Assets.xcassets */,
				516A79586CC4845AD0460BCD /* Haptics.swift */,
				4CE1D0070D8D8A8AB7D6DCAC /* Info.plist */,
				A252FBF4A2314152088C54AF /* LiveActivityController.swift */,
				53D95F872FF9C689FEFFA833 /* OverwatchQueue.entitlements */,
				751BC043A791B4D0CB12AD94 /* OverwatchQueueApp.swift */,
				617D658CA1B9C5CF92DB7C7D /* SoundPlayer.swift */,
				540D45FA00681C151D8BFC28 /* Views */,
			);
			name = "iOS";
			sourceTree = "<group>";
		};
		540D45FA00681C151D8BFC28 /* Views */ = {
			isa = PBXGroup;
			children = (
				905DCA64AC2D42002B981E4B /* HeroSelectView.swift */,
				01DB8FF6093CA78F0D85A73A /* MapVoteView.swift */,
				0C36BE04804A9D9B4F3ECD05 /* MatchFoundView.swift */,
				768C658399A8E8C484C7D73E /* PairingView.swift */,
				8C6314FB895FB020DC217D24 /* RootView.swift */,
				6D197AAE8CB99CF568FC65D5 /* SettingsView.swift */,
			);
			name = "Views";
			sourceTree = "<group>";
		};
		08E6EFA53DDAC9B63DAB9836 /* Products */ = {
			isa = PBXGroup;
			children = (
				78E5CC47FF90E110335866BB /* OverwatchQueue.app */,
				3E4A586A896575F13D8EC72C /* QueueWidgets.appex */,
				76F69111ACF81C83B7705C45 /* OverwatchQueue Watch App.app */,
				FB46D0B1859F7E2A474C8675 /* WatchQueueWidgets.appex */,
				658DB3421E637F007250EB1C /* QueueKitTests.xctest */,
			);
			name = Products;
			sourceTree = "<group>";
		};
/* End PBXGroup section */

/* Begin PBXSourcesBuildPhase section */
		0BD43354E68B4C71ECEF38AC /* Sources */ = {
			isa = PBXSourcesBuildPhase;
			buildActionMask = 2147483647;
			files = (
				FE6AEAFEFF2DB8AE41F0CF2B /* NotificationCopy.swift */,
				C4BEAAC148DFBBB9A0FBEED8 /* QueueActivityAttributes.swift */,
				24452E1AB941C9DA1D68631F /* CatalogService.swift */,
				8D29563327BF93F5EB8E5862 /* ImageCache.swift */,
				7D86550972E1B15A4C5588A9 /* ArtViews.swift */,
				B4127F388B4FF6A991BD665A /* MeshBackground.swift */,
				4ED4514A4DA355175F1FF461 /* Meters.swift */,
				2393C8DFE912653FC89C91FF /* Palette.swift */,
				AFDD938CC2E984C5B3825716 /* SearchOrb.swift */,
				A9D93F4DB4E3CB7502F851FD /* Hero.swift */,
				82DF8C4328B0D3A28322F1AF /* OverwatchMap.swift */,
				92AAD088102E8CA9C994B556 /* QueueMode.swift */,
				8EB0D4EB63B8325AFB3319BA /* QueuePhase.swift */,
				5D64C7890B4BB8F2595D192A /* QueueSnapshot.swift */,
				30356F5B9A76F84E4C10B371 /* Role.swift */,
				C1AC0798B1A62D4394FDE2BA /* WireCoding.swift */,
				23EF12142C7B3A443857753D /* WireProtocol.swift */,
				929C11131B9E4DCB7FD35C83 /* QueueStore.swift */,
				619D18E477AB6C41D9CE7E45 /* SharedState.swift */,
				B24BB8B7D4F078FE6EBED852 /* TimeFormatting.swift */,
				1D031BED94DF733C99844F7B /* DeepLink.swift */,
				44FFB125BDD0836E15FD581E /* Pairing.swift */,
				01FF57CFF52F4F83DB638E00 /* QueueTransport.swift */,
				17EA3D24D77C30136D9D1A68 /* WatchLink.swift */,
				E8D721F2D4A5DAA9C4FDA2E1 /* WatchTransport.swift */,
				D035368F363A7C2368AAA3CF /* WebSocketTransport.swift */,
				67C53318C2D9A7A71A14E659 /* QueueStatusShared.swift */,
				178A3F75CB855806FFC10F29 /* AppDelegate.swift */,
				3853D23F77FAC598649016A0 /* AppModel.swift */,
				EBC802028CB7E0A60B0C89AB /* Haptics.swift */,
				BABE884BA908849D6D6B8C1B /* LiveActivityController.swift */,
				1CF12E374734FFEAFAF3004B /* OverwatchQueueApp.swift */,
				C3C3FEC3549133B73B2EA5FE /* SoundPlayer.swift */,
				5EF545DB23B415ACA51B32DE /* HeroSelectView.swift */,
				F583995EDEE94DC3A362B73A /* MapVoteView.swift */,
				AAC182289C4C19997E4C2AF8 /* MatchFoundView.swift */,
				7BB27CC63C2C3D295E73171A /* PairingView.swift */,
				946FDD52CAF4113B82F0FD55 /* RootView.swift */,
				374E3EB2A4B0AE470387AC93 /* SettingsView.swift */,
			);
			runOnlyForDeploymentPostprocessing = 0;
		};
		9681AE622A47FBF092087054 /* Sources */ = {
			isa = PBXSourcesBuildPhase;
			buildActionMask = 2147483647;
			files = (
				28733F143D73D32AA6161FFD /* NotificationCopy.swift */,
				B545AA4E64275CEF17E7AC85 /* QueueActivityAttributes.swift */,
				FBFA8CB40C9100088F981B2A /* CatalogService.swift */,
				8345B8C3FAAD8E4F6F2C5B9D /* ImageCache.swift */,
				D8A87F91520191F5913848AA /* ArtViews.swift */,
				7728E4F4EB2E2FBD6142D598 /* MeshBackground.swift */,
				D842CEA5216D3544DEBA4ECE /* Meters.swift */,
				7E93728AD6CA218173400ADB /* Palette.swift */,
				034FBA2E3F100DCE2D85722A /* SearchOrb.swift */,
				BAF8DB3A790218FFBE767B18 /* Hero.swift */,
				FF344BDEFC4D7C5F76CF28BE /* OverwatchMap.swift */,
				7A10D40F6B623A0D6B27119A /* QueueMode.swift */,
				64492689DDD176329807540A /* QueuePhase.swift */,
				325755502AC38341B288E7C5 /* QueueSnapshot.swift */,
				4C751ABC015F15B73A06423D /* Role.swift */,
				77808CE93B036F33807E0CB7 /* WireCoding.swift */,
				2287A525BD09B893DB38B455 /* WireProtocol.swift */,
				4D11C8AC14E40CC3518C28F0 /* QueueStore.swift */,
				6C7D8CBE2A7A26F6E19B3904 /* SharedState.swift */,
				22530CDCE8B73A9BDA53F3F0 /* TimeFormatting.swift */,
				8AEB58B995787E4FC903F967 /* DeepLink.swift */,
				6DA708B1E02D0FE9D3251D4F /* Pairing.swift */,
				F4F5E673605E932506D30225 /* QueueTransport.swift */,
				D29C827381628C4AF66D11E7 /* WatchLink.swift */,
				223F391BA460A2CDE4C9DF98 /* WatchTransport.swift */,
				CEE736B8745A48F9629DADC7 /* WebSocketTransport.swift */,
				6906F45714731CBC6B8D8753 /* QueueStatusShared.swift */,
				DEB8B2D920504AA9B3854C2A /* QueueActivityWatchView.swift */,
				4573FB1577013B7B244AC279 /* QueueLiveActivityWidget.swift */,
				2607855639BA3E02173B8B45 /* QueueStatusWidget.swift */,
				3CF9775BB80742B647ABDBA4 /* QueueWidgetsBundle.swift */,
			);
			runOnlyForDeploymentPostprocessing = 0;
		};
		4B90B3E815AE069C8301DDD5 /* Sources */ = {
			isa = PBXSourcesBuildPhase;
			buildActionMask = 2147483647;
			files = (
				9D6FC067DC5D250C773A3DAA /* NotificationCopy.swift */,
				D9BF2182013F968925952B35 /* QueueActivityAttributes.swift */,
				EA9AFC70410919E529C82DCD /* CatalogService.swift */,
				42F93BC424939E8F79CDDB39 /* ImageCache.swift */,
				FD21BEE7CA057E2CC067FBB6 /* ArtViews.swift */,
				3D1946D9266D8E1BCDB3C2A5 /* MeshBackground.swift */,
				161491F81C1BF78D99EE51DE /* Meters.swift */,
				2C9DCF90938A9370D32D12CB /* Palette.swift */,
				78B221B1E7119E64559E541E /* SearchOrb.swift */,
				138628C0BD529459E4758E9F /* Hero.swift */,
				12057873BE14F90849C27201 /* OverwatchMap.swift */,
				84332983795F1FA69E6B4CC9 /* QueueMode.swift */,
				EEB1AF048749467070E4250B /* QueuePhase.swift */,
				CD415A07221B7102ECB7178F /* QueueSnapshot.swift */,
				00783D9CEAE7E098D22D76BE /* Role.swift */,
				50FAFD0E5FF7BE6B0D0A47EA /* WireCoding.swift */,
				2C5C98CC2CA60F2452791286 /* WireProtocol.swift */,
				98ADC7B9BEB894CC05B34E3C /* QueueStore.swift */,
				A857CA606FF50156087D5BB1 /* SharedState.swift */,
				13ABE10BEAB6AFB71986D143 /* TimeFormatting.swift */,
				F6BACD48ED477CF33214140F /* DeepLink.swift */,
				0EE9EB98113E5B8CA2583920 /* Pairing.swift */,
				63DA72EDE9304D368C93F2F1 /* QueueTransport.swift */,
				E3738665E7D490FC57426B30 /* WatchLink.swift */,
				0583DFDE3AEC0219C45DBFB2 /* WatchTransport.swift */,
				1489CE31880BF9BB65219FA4 /* WebSocketTransport.swift */,
				B5747CFA5316F19C6C7A57BD /* QueueStatusShared.swift */,
				918FEFDCC8492CF0B6C19158 /* WatchRootView.swift */,
				011AC4EBD5A8833C9264BB07 /* WatchApp.swift */,
				A302318E0885E858EA9A5331 /* WatchAppDelegate.swift */,
				81CE451E25838B300778855A /* WatchModel.swift */,
			);
			runOnlyForDeploymentPostprocessing = 0;
		};
		6D9CAA4F6E711685EE65EE2A /* Sources */ = {
			isa = PBXSourcesBuildPhase;
			buildActionMask = 2147483647;
			files = (
				13DD23A467612BBA0AD685B7 /* NotificationCopy.swift */,
				24E796FA3638175499095035 /* QueueActivityAttributes.swift */,
				E4F0DD61B4811C69719EF427 /* CatalogService.swift */,
				C56C2F1AD14AF4816E2A2FE3 /* ImageCache.swift */,
				786380EF125AA3EFF41164FB /* ArtViews.swift */,
				D13B26DE151C358D9B789744 /* MeshBackground.swift */,
				E3924E76FB762D8CE45A7D8E /* Meters.swift */,
				CE1297DC5ACFA9423FC95DE0 /* Palette.swift */,
				0B75660CA537DEC330D25A1A /* SearchOrb.swift */,
				D9798781213CE83C96073A40 /* Hero.swift */,
				CA96650896DF4EB0F0DA934B /* OverwatchMap.swift */,
				8D7D2BE6EF9386EA16CAA13C /* QueueMode.swift */,
				5B2DB8F8F961483A8108C489 /* QueuePhase.swift */,
				47E1746DC9ED616B6E39C811 /* QueueSnapshot.swift */,
				67402E526A416DC1B4E4B7C8 /* Role.swift */,
				71F941AD4AE0918DDEFEBB90 /* WireCoding.swift */,
				13E1A2AE63EE3FDB226F4366 /* WireProtocol.swift */,
				E3C3793065EB4A761784EA02 /* QueueStore.swift */,
				36FB15EB8B3BBE7F57B73F22 /* SharedState.swift */,
				78E6DAFB6F2FB56DFD59A663 /* TimeFormatting.swift */,
				F5771B5762C40C6ACF5ECE25 /* DeepLink.swift */,
				06A8F44684DF655B5EEBF531 /* Pairing.swift */,
				6E79224953B7C67E51ECE6F1 /* QueueTransport.swift */,
				ACF886D40377B2F8BA3D43A4 /* WatchLink.swift */,
				C0EAE60336945E53E66C7888 /* WatchTransport.swift */,
				6BB4C97641575C471288FF6A /* WebSocketTransport.swift */,
				682364D2F2C6502B76A70367 /* QueueStatusShared.swift */,
				B36345E59D7F296D70C8A660 /* WatchWidgetsBundle.swift */,
			);
			runOnlyForDeploymentPostprocessing = 0;
		};
		C59600BA302FC26A0FEEAF38 /* Sources */ = {
			isa = PBXSourcesBuildPhase;
			buildActionMask = 2147483647;
			files = (
				C85BBF45F58E411C01B4031E /* NotificationCopy.swift */,
				93D215152344CD9FFECF1D5B /* QueueActivityAttributes.swift */,
				11BE56063038858C4EE91D76 /* CatalogService.swift */,
				076D7CF32F39D9F06E9B25A1 /* ImageCache.swift */,
				D2E6929C85B1FA8EA2D45A8C /* ArtViews.swift */,
				69001AFA792C08D6CE3D2ECB /* MeshBackground.swift */,
				9472336C9882C5EE13CC3AD8 /* Meters.swift */,
				29612B2E679B9E008000D04F /* Palette.swift */,
				C23F27508C137EA1E1DDA8DA /* SearchOrb.swift */,
				D46DE347C2CDBD974AE00439 /* Hero.swift */,
				0FD484A1D3102E3B30357416 /* OverwatchMap.swift */,
				1854D7F79B3B4C6E7748A758 /* QueueMode.swift */,
				301CCC00A7CE5A33F947932D /* QueuePhase.swift */,
				72358790E1C9E7815BBEB177 /* QueueSnapshot.swift */,
				406665F6ED12435417948D62 /* Role.swift */,
				4BD3AF7DAB710D47193CEC9C /* WireCoding.swift */,
				624EAF92027393D4E94CC4A3 /* WireProtocol.swift */,
				C4A9D201503A75D8F99921CA /* QueueStore.swift */,
				E4F421D8C132548CAA3DE002 /* SharedState.swift */,
				98799D6CE22FD0E79A98C21C /* TimeFormatting.swift */,
				49BD72BB67809B5920590A6E /* DeepLink.swift */,
				37BE08A27AB985FCD4288829 /* Pairing.swift */,
				6590E270B203986BD9DF4D9A /* QueueTransport.swift */,
				62CF52A1F3922E683B57697E /* WatchLink.swift */,
				5410C0F5BA5D65F9A201677A /* WatchTransport.swift */,
				C3BDEDD25CA31C00140184B7 /* WebSocketTransport.swift */,
				1281BAF29B1FB332DC26E02B /* QueueStatusShared.swift */,
				581EBCB27826E2E23AD3EA0B /* DeepLinkTests.swift */,
				7974AB10858DC333A6BACEAA /* PairingTests.swift */,
				C398537B44F77B3E9C37440C /* QueueFlowTests.swift */,
				1F7AC518CEA70B427A1E7BB2 /* WatchTransportTests.swift */,
				F56C4CC6D58ADA38D9673AC5 /* WireFormatTests.swift */,
			);
			runOnlyForDeploymentPostprocessing = 0;
		};
/* End PBXSourcesBuildPhase section */

/* Begin PBXResourcesBuildPhase section */
		FC035B4F59DE0040EA31BAF7 /* Resources */ = {
			isa = PBXResourcesBuildPhase;
			buildActionMask = 2147483647;
			files = (
				C69C3E13C1B783F81FE9583D /* Assets.xcassets */,
				D64A36B6EF1C828A05E1681A /* catalog-fallback.json */,
				A9CF1F0E954069705A077853 /* match_found.caf */,
			);
			runOnlyForDeploymentPostprocessing = 0;
		};
		905A73427B2F308FE1C1EDA6 /* Resources */ = {
			isa = PBXResourcesBuildPhase;
			buildActionMask = 2147483647;
			files = (
				193101F23D0991CC6525069A /* Assets.xcassets */,
				D6224D583382EAD047CC662C /* catalog-fallback.json */,
				3D63C32B5CB2CB6A074458B8 /* match_found.caf */,
			);
			runOnlyForDeploymentPostprocessing = 0;
		};
		41E9A4374AC7DD5CE1B893AE /* Resources */ = {
			isa = PBXResourcesBuildPhase;
			buildActionMask = 2147483647;
			files = (
				2A8A4DD0DBBF0723F9BDFE86 /* Assets.xcassets */,
				12CC55BBAFC065C0903F7252 /* catalog-fallback.json */,
				1FD818682D4891E49C1781CA /* match_found.caf */,
			);
			runOnlyForDeploymentPostprocessing = 0;
		};
		3004CFF871ADA23E36CF5F97 /* Resources */ = {
			isa = PBXResourcesBuildPhase;
			buildActionMask = 2147483647;
			files = (
				901A0080FE4472DD5E36853D /* Assets.xcassets */,
				954DBEFE84DB69FC75243667 /* catalog-fallback.json */,
				CE7C4FFA6012B425F43F282B /* match_found.caf */,
			);
			runOnlyForDeploymentPostprocessing = 0;
		};
		D74BAE1B4B52A9EFEA8C80A1 /* Resources */ = {
			isa = PBXResourcesBuildPhase;
			buildActionMask = 2147483647;
			files = (
				0C7AE45D145910136A5387C1 /* catalog-fallback.json */,
				C7569AA69DC3FC18A9BAEDA5 /* match_found.caf */,
			);
			runOnlyForDeploymentPostprocessing = 0;
		};
/* End PBXResourcesBuildPhase section */

/* Begin PBXCopyFilesBuildPhase section */
		1BE1F0D2D77CFEB837392AFE /* Embed Foundation Extensions */ = {
			isa = PBXCopyFilesBuildPhase;
			buildActionMask = 2147483647;
			dstPath = "";
			dstSubfolderSpec = 13;
			files = (
				EBFB4D1A7EE20658B53354E3 /* QueueWidgets.appex */,
			);
			name = "Embed Foundation Extensions";
			runOnlyForDeploymentPostprocessing = 0;
		};
		0016ACF5FDBA5AB0D2BD99D8 /* Embed Watch Content */ = {
			isa = PBXCopyFilesBuildPhase;
			buildActionMask = 2147483647;
			dstPath = "$(CONTENTS_FOLDER_PATH)/Watch";
			dstSubfolderSpec = 16;
			files = (
				5BA2431BCA520B75FDD0D6B0 /* OverwatchQueue Watch App.app */,
			);
			name = "Embed Watch Content";
			runOnlyForDeploymentPostprocessing = 0;
		};
		4BC57FD55FF150A92BB6C299 /* Embed Foundation Extensions */ = {
			isa = PBXCopyFilesBuildPhase;
			buildActionMask = 2147483647;
			dstPath = "";
			dstSubfolderSpec = 13;
			files = (
				0C33FCFF2A5828E00B8C4D89 /* WatchQueueWidgets.appex */,
			);
			name = "Embed Foundation Extensions";
			runOnlyForDeploymentPostprocessing = 0;
		};
/* End PBXCopyFilesBuildPhase section */

/* Begin PBXNativeTarget section */
		7137DB3FC59868A5DC42A2E1 /* OverwatchQueue */ = {
			isa = PBXNativeTarget;
			buildConfigurationList = 0BCB31AD2D1E051A2A26ED4F /* Build configuration list */;
			buildPhases = (
				0BD43354E68B4C71ECEF38AC,
				AB2F1EEB473F9BA0AB82A710,
				FC035B4F59DE0040EA31BAF7,
				1BE1F0D2D77CFEB837392AFE,
				0016ACF5FDBA5AB0D2BD99D8,
			);
			buildRules = (
			);
			dependencies = (
				F80E1BC4A8BAC30A6B71F935 /* QueueWidgets */,
				2CE8ABC0E8D2775299C483C1 /* OverwatchQueue Watch App */,
			);
			name = "OverwatchQueue";
			productName = "OverwatchQueue";
			productReference = 78E5CC47FF90E110335866BB /* OverwatchQueue.app */;
			productType = "com.apple.product-type.application";
		};
		0EA914651630B05E2C1B073C /* QueueWidgets */ = {
			isa = PBXNativeTarget;
			buildConfigurationList = 10996D39F3DF25D5E6976497 /* Build configuration list */;
			buildPhases = (
				9681AE622A47FBF092087054,
				1331CFD27E1F54D2D2A7360A,
				905A73427B2F308FE1C1EDA6,
			);
			buildRules = (
			);
			dependencies = (
			);
			name = "QueueWidgets";
			productName = "QueueWidgets";
			productReference = 3E4A586A896575F13D8EC72C /* QueueWidgets.appex */;
			productType = "com.apple.product-type.app-extension";
		};
		4B3456C3841023DCA54230E3 /* OverwatchQueue Watch App */ = {
			isa = PBXNativeTarget;
			buildConfigurationList = AF1A9D38925EAF76278C40F0 /* Build configuration list */;
			buildPhases = (
				4B90B3E815AE069C8301DDD5,
				E09FEF1D050CAF0E6F710859,
				41E9A4374AC7DD5CE1B893AE,
				4BC57FD55FF150A92BB6C299,
			);
			buildRules = (
			);
			dependencies = (
				6FED5340494331A979A56571 /* WatchQueueWidgets */,
			);
			name = "OverwatchQueue Watch App";
			productName = "OverwatchQueue Watch App";
			productReference = 76F69111ACF81C83B7705C45 /* OverwatchQueue Watch App.app */;
			productType = "com.apple.product-type.application";
		};
		D847A6B12200AEF668AF71EB /* WatchQueueWidgets */ = {
			isa = PBXNativeTarget;
			buildConfigurationList = AE2179A8467D566FDDF93291 /* Build configuration list */;
			buildPhases = (
				6D9CAA4F6E711685EE65EE2A,
				7FDA53EF4F68723521AFDB7F,
				3004CFF871ADA23E36CF5F97,
			);
			buildRules = (
			);
			dependencies = (
			);
			name = "WatchQueueWidgets";
			productName = "WatchQueueWidgets";
			productReference = FB46D0B1859F7E2A474C8675 /* WatchQueueWidgets.appex */;
			productType = "com.apple.product-type.app-extension";
		};
		6AA365631265C4465B124A7E /* QueueKitTests */ = {
			isa = PBXNativeTarget;
			buildConfigurationList = 286982B1BB4C925A230FDDD1 /* Build configuration list */;
			buildPhases = (
				C59600BA302FC26A0FEEAF38,
				ACFC985211CB6671D558E665,
				D74BAE1B4B52A9EFEA8C80A1,
			);
			buildRules = (
			);
			dependencies = (
				F5773DBA86B62E0B60BE2B33 /* OverwatchQueue */,
			);
			name = "QueueKitTests";
			productName = "QueueKitTests";
			productReference = 658DB3421E637F007250EB1C /* QueueKitTests.xctest */;
			productType = "com.apple.product-type.bundle.unit-test";
		};
/* End PBXNativeTarget section */

/* Begin PBXProject section */
		46F86FAA6BBF9AC94A7E4595 /* Project object */ = {
			isa = PBXProject;
			attributes = {
				BuildIndependentTargetsInParallel = 1;
				LastSwiftUpdateCheck = 1610;
				LastUpgradeCheck = 1610;
				TargetAttributes = {
					7137DB3FC59868A5DC42A2E1 = {
						CreatedOnToolsVersion = 16.1;
					};
					0EA914651630B05E2C1B073C = {
						CreatedOnToolsVersion = 16.1;
					};
					4B3456C3841023DCA54230E3 = {
						CreatedOnToolsVersion = 16.1;
					};
					D847A6B12200AEF668AF71EB = {
						CreatedOnToolsVersion = 16.1;
					};
					6AA365631265C4465B124A7E = {
						CreatedOnToolsVersion = 16.1;
						TestTargetID = 7137DB3FC59868A5DC42A2E1;
					};
				};
			};
			buildConfigurationList = E343EBD49576D2CFA916C1CE /* Build configuration list */;
			compatibilityVersion = "Xcode 14.0";
			developmentRegion = en;
			hasScannedForEncodings = 0;
			knownRegions = (
				en,
				Base,
			);
			mainGroup = 17F256149C150F24744854F9;
			productRefGroup = 08E6EFA53DDAC9B63DAB9836 /* Products */;
			projectDirPath = "";
			projectRoot = "";
			targets = (
				7137DB3FC59868A5DC42A2E1 /* OverwatchQueue */,
				0EA914651630B05E2C1B073C /* QueueWidgets */,
				4B3456C3841023DCA54230E3 /* OverwatchQueue Watch App */,
				D847A6B12200AEF668AF71EB /* WatchQueueWidgets */,
				6AA365631265C4465B124A7E /* QueueKitTests */,
			);
		};
/* End PBXProject section */

/* Begin XCBuildConfiguration section */
		55911E0233C795D7FBD6FBB5 /* Debug */ = {
			isa = XCBuildConfiguration;
			buildSettings = {
				ALWAYS_SEARCH_USER_PATHS = NO;
				CLANG_ENABLE_MODULES = YES;
				CLANG_ENABLE_OBJC_ARC = YES;
				CODE_SIGN_STYLE = Automatic;
				COPY_PHASE_STRIP = NO;
				CURRENT_PROJECT_VERSION = 1;
				DEBUG_INFORMATION_FORMAT = dwarf;
				ENABLE_STRICT_OBJC_MSGSEND = YES;
				ENABLE_TESTABILITY = YES;
				ENABLE_USER_SCRIPT_SANDBOXING = YES;
				GCC_NO_COMMON_BLOCKS = YES;
				GCC_OPTIMIZATION_LEVEL = 0;
				GCC_PREPROCESSOR_DEFINITIONS = (
					"DEBUG=1",
					"$(inherited)",
				);
				IPHONEOS_DEPLOYMENT_TARGET = "18.0";
				MARKETING_VERSION = "1.0";
				ONLY_ACTIVE_ARCH = YES;
				SUPPORTS_MACCATALYST = NO;
				SUPPORTS_XR_DESIGNED_FOR_IPHONE_IPAD = NO;
				SWIFT_EMIT_LOC_STRINGS = YES;
				SWIFT_OPTIMIZATION_LEVEL = -Onone;
				SWIFT_VERSION = "5.0";
				WATCHOS_DEPLOYMENT_TARGET = "11.0";
			};
			name = Debug;
		};
		CDE3408EB8596E83C3C841F6 /* Release */ = {
			isa = XCBuildConfiguration;
			buildSettings = {
				ALWAYS_SEARCH_USER_PATHS = NO;
				CLANG_ENABLE_MODULES = YES;
				CLANG_ENABLE_OBJC_ARC = YES;
				CODE_SIGN_STYLE = Automatic;
				COPY_PHASE_STRIP = NO;
				CURRENT_PROJECT_VERSION = 1;
				DEBUG_INFORMATION_FORMAT = dwarf-with-dsym;
				ENABLE_NS_ASSERTIONS = NO;
				ENABLE_STRICT_OBJC_MSGSEND = YES;
				ENABLE_USER_SCRIPT_SANDBOXING = YES;
				GCC_NO_COMMON_BLOCKS = YES;
				IPHONEOS_DEPLOYMENT_TARGET = "18.0";
				MARKETING_VERSION = "1.0";
				SUPPORTS_MACCATALYST = NO;
				SUPPORTS_XR_DESIGNED_FOR_IPHONE_IPAD = NO;
				SWIFT_COMPILATION_MODE = wholemodule;
				SWIFT_EMIT_LOC_STRINGS = YES;
				SWIFT_VERSION = "5.0";
				VALIDATE_PRODUCT = YES;
				WATCHOS_DEPLOYMENT_TARGET = "11.0";
			};
			name = Release;
		};
		37985685BE1D4AB0EE2CBE8A /* Debug */ = {
			isa = XCBuildConfiguration;
			buildSettings = {
				ASSETCATALOG_COMPILER_APPICON_NAME = AppIcon;
				CODE_SIGN_ENTITLEMENTS = "iOS/OverwatchQueue.entitlements";
				ENABLE_PREVIEWS = YES;
				GENERATE_INFOPLIST_FILE = NO;
				INFOPLIST_FILE = "iOS/Info.plist";
				INFOPLIST_KEY_UILaunchScreen_Generation = YES;
				INFOPLIST_KEY_UISupportedInterfaceOrientations = UIInterfaceOrientationPortrait;
				PRODUCT_BUNDLE_IDENTIFIER = "com.tomerady.OverwatchQueue";
				PRODUCT_NAME = "$(TARGET_NAME)";
				SDKROOT = iphoneos;
				SWIFT_ACTIVE_COMPILATION_CONDITIONS = DEBUG;
				SWIFT_OPTIMIZATION_LEVEL = -Onone;
				TARGETED_DEVICE_FAMILY = "1,2";
			};
			name = Debug;
		};
		0145F8DF19BB56710B5897B2 /* Release */ = {
			isa = XCBuildConfiguration;
			buildSettings = {
				ASSETCATALOG_COMPILER_APPICON_NAME = AppIcon;
				CODE_SIGN_ENTITLEMENTS = "iOS/OverwatchQueue.entitlements";
				ENABLE_PREVIEWS = YES;
				GENERATE_INFOPLIST_FILE = NO;
				INFOPLIST_FILE = "iOS/Info.plist";
				INFOPLIST_KEY_UILaunchScreen_Generation = YES;
				INFOPLIST_KEY_UISupportedInterfaceOrientations = UIInterfaceOrientationPortrait;
				PRODUCT_BUNDLE_IDENTIFIER = "com.tomerady.OverwatchQueue";
				PRODUCT_NAME = "$(TARGET_NAME)";
				SDKROOT = iphoneos;
				SWIFT_ACTIVE_COMPILATION_CONDITIONS = "";
				SWIFT_OPTIMIZATION_LEVEL = -O;
				TARGETED_DEVICE_FAMILY = "1,2";
			};
			name = Release;
		};
		40D64288C74CDCABD6364204 /* Debug */ = {
			isa = XCBuildConfiguration;
			buildSettings = {
				ASSETCATALOG_COMPILER_WIDGET_BACKGROUND_COLOR_NAME = WidgetBackground;
				CODE_SIGN_ENTITLEMENTS = "Widgets/QueueWidgets.entitlements";
				ENABLE_PREVIEWS = YES;
				GENERATE_INFOPLIST_FILE = NO;
				INFOPLIST_FILE = "Widgets/Info.plist";
				PRODUCT_BUNDLE_IDENTIFIER = "com.tomerady.OverwatchQueue.QueueWidgets";
				PRODUCT_NAME = "$(TARGET_NAME)";
				SDKROOT = iphoneos;
				SKIP_INSTALL = YES;
				SWIFT_ACTIVE_COMPILATION_CONDITIONS = DEBUG;
				SWIFT_OPTIMIZATION_LEVEL = -Onone;
				TARGETED_DEVICE_FAMILY = "1,2";
			};
			name = Debug;
		};
		942EF994C9BF867B00724BE1 /* Release */ = {
			isa = XCBuildConfiguration;
			buildSettings = {
				ASSETCATALOG_COMPILER_WIDGET_BACKGROUND_COLOR_NAME = WidgetBackground;
				CODE_SIGN_ENTITLEMENTS = "Widgets/QueueWidgets.entitlements";
				ENABLE_PREVIEWS = YES;
				GENERATE_INFOPLIST_FILE = NO;
				INFOPLIST_FILE = "Widgets/Info.plist";
				PRODUCT_BUNDLE_IDENTIFIER = "com.tomerady.OverwatchQueue.QueueWidgets";
				PRODUCT_NAME = "$(TARGET_NAME)";
				SDKROOT = iphoneos;
				SKIP_INSTALL = YES;
				SWIFT_ACTIVE_COMPILATION_CONDITIONS = "";
				SWIFT_OPTIMIZATION_LEVEL = -O;
				TARGETED_DEVICE_FAMILY = "1,2";
			};
			name = Release;
		};
		973F654047A77A63520E9711 /* Debug */ = {
			isa = XCBuildConfiguration;
			buildSettings = {
				ASSETCATALOG_COMPILER_APPICON_NAME = AppIcon;
				CODE_SIGN_ENTITLEMENTS = "Watch/Watch.entitlements";
				ENABLE_PREVIEWS = YES;
				GENERATE_INFOPLIST_FILE = NO;
				INFOPLIST_FILE = "Watch/Info.plist";
				INFOPLIST_KEY_UILaunchScreen_Generation = YES;
				PRODUCT_BUNDLE_IDENTIFIER = "com.tomerady.OverwatchQueue.watchkitapp";
				PRODUCT_NAME = "$(TARGET_NAME)";
				SDKROOT = watchos;
				SWIFT_ACTIVE_COMPILATION_CONDITIONS = DEBUG;
				SWIFT_OPTIMIZATION_LEVEL = -Onone;
				TARGETED_DEVICE_FAMILY = 4;
			};
			name = Debug;
		};
		3F28380D413BC2FA1642F88D /* Release */ = {
			isa = XCBuildConfiguration;
			buildSettings = {
				ASSETCATALOG_COMPILER_APPICON_NAME = AppIcon;
				CODE_SIGN_ENTITLEMENTS = "Watch/Watch.entitlements";
				ENABLE_PREVIEWS = YES;
				GENERATE_INFOPLIST_FILE = NO;
				INFOPLIST_FILE = "Watch/Info.plist";
				INFOPLIST_KEY_UILaunchScreen_Generation = YES;
				PRODUCT_BUNDLE_IDENTIFIER = "com.tomerady.OverwatchQueue.watchkitapp";
				PRODUCT_NAME = "$(TARGET_NAME)";
				SDKROOT = watchos;
				SWIFT_ACTIVE_COMPILATION_CONDITIONS = "";
				SWIFT_OPTIMIZATION_LEVEL = -O;
				TARGETED_DEVICE_FAMILY = 4;
			};
			name = Release;
		};
		AD56C1C1C863B5F33875A47E /* Debug */ = {
			isa = XCBuildConfiguration;
			buildSettings = {
				ASSETCATALOG_COMPILER_WIDGET_BACKGROUND_COLOR_NAME = WidgetBackground;
				CODE_SIGN_ENTITLEMENTS = "WatchWidgets/WatchQueueWidgets.entitlements";
				ENABLE_PREVIEWS = YES;
				GENERATE_INFOPLIST_FILE = NO;
				INFOPLIST_FILE = "WatchWidgets/Info.plist";
				PRODUCT_BUNDLE_IDENTIFIER = "com.tomerady.OverwatchQueue.watchkitapp.WatchQueueWidgets";
				PRODUCT_NAME = "$(TARGET_NAME)";
				SDKROOT = watchos;
				SKIP_INSTALL = YES;
				SWIFT_ACTIVE_COMPILATION_CONDITIONS = DEBUG;
				SWIFT_OPTIMIZATION_LEVEL = -Onone;
				TARGETED_DEVICE_FAMILY = 4;
			};
			name = Debug;
		};
		82DE877A9E89C3E52B271D3C /* Release */ = {
			isa = XCBuildConfiguration;
			buildSettings = {
				ASSETCATALOG_COMPILER_WIDGET_BACKGROUND_COLOR_NAME = WidgetBackground;
				CODE_SIGN_ENTITLEMENTS = "WatchWidgets/WatchQueueWidgets.entitlements";
				ENABLE_PREVIEWS = YES;
				GENERATE_INFOPLIST_FILE = NO;
				INFOPLIST_FILE = "WatchWidgets/Info.plist";
				PRODUCT_BUNDLE_IDENTIFIER = "com.tomerady.OverwatchQueue.watchkitapp.WatchQueueWidgets";
				PRODUCT_NAME = "$(TARGET_NAME)";
				SDKROOT = watchos;
				SKIP_INSTALL = YES;
				SWIFT_ACTIVE_COMPILATION_CONDITIONS = "";
				SWIFT_OPTIMIZATION_LEVEL = -O;
				TARGETED_DEVICE_FAMILY = 4;
			};
			name = Release;
		};
		95FC8EC77EE0FEF408E4E535 /* Debug */ = {
			isa = XCBuildConfiguration;
			buildSettings = {
				BUNDLE_LOADER = "$(TEST_HOST)";
				ENABLE_PREVIEWS = YES;
				GENERATE_INFOPLIST_FILE = YES;
				PRODUCT_BUNDLE_IDENTIFIER = "com.tomerady.OverwatchQueue.QueueKitTests";
				PRODUCT_NAME = "$(TARGET_NAME)";
				SDKROOT = iphoneos;
				SWIFT_ACTIVE_COMPILATION_CONDITIONS = DEBUG;
				SWIFT_OPTIMIZATION_LEVEL = -Onone;
				TARGETED_DEVICE_FAMILY = "1,2";
				TEST_HOST = "$(BUILT_PRODUCTS_DIR)/OverwatchQueue.app/$(BUNDLE_EXECUTABLE_FOLDER_PATH)/OverwatchQueue";
			};
			name = Debug;
		};
		3677B14DA68C7B8F468A3FA3 /* Release */ = {
			isa = XCBuildConfiguration;
			buildSettings = {
				BUNDLE_LOADER = "$(TEST_HOST)";
				ENABLE_PREVIEWS = YES;
				GENERATE_INFOPLIST_FILE = YES;
				PRODUCT_BUNDLE_IDENTIFIER = "com.tomerady.OverwatchQueue.QueueKitTests";
				PRODUCT_NAME = "$(TARGET_NAME)";
				SDKROOT = iphoneos;
				SWIFT_ACTIVE_COMPILATION_CONDITIONS = "";
				SWIFT_OPTIMIZATION_LEVEL = -O;
				TARGETED_DEVICE_FAMILY = "1,2";
				TEST_HOST = "$(BUILT_PRODUCTS_DIR)/OverwatchQueue.app/$(BUNDLE_EXECUTABLE_FOLDER_PATH)/OverwatchQueue";
			};
			name = Release;
		};
/* End XCBuildConfiguration section */

/* Begin XCConfigurationList section */
		E343EBD49576D2CFA916C1CE /* Build configuration list for <project> */ = {
			isa = XCConfigurationList;
			buildConfigurations = (
				55911E0233C795D7FBD6FBB5 /* Debug */,
				CDE3408EB8596E83C3C841F6 /* Release */,
			);
			defaultConfigurationIsVisible = 0;
			defaultConfigurationName = Release;
		};
		0BCB31AD2D1E051A2A26ED4F /* Build configuration list for OverwatchQueue */ = {
			isa = XCConfigurationList;
			buildConfigurations = (
				37985685BE1D4AB0EE2CBE8A /* Debug */,
				0145F8DF19BB56710B5897B2 /* Release */,
			);
			defaultConfigurationIsVisible = 0;
			defaultConfigurationName = Release;
		};
		10996D39F3DF25D5E6976497 /* Build configuration list for QueueWidgets */ = {
			isa = XCConfigurationList;
			buildConfigurations = (
				40D64288C74CDCABD6364204 /* Debug */,
				942EF994C9BF867B00724BE1 /* Release */,
			);
			defaultConfigurationIsVisible = 0;
			defaultConfigurationName = Release;
		};
		AF1A9D38925EAF76278C40F0 /* Build configuration list for OverwatchQueue Watch App */ = {
			isa = XCConfigurationList;
			buildConfigurations = (
				973F654047A77A63520E9711 /* Debug */,
				3F28380D413BC2FA1642F88D /* Release */,
			);
			defaultConfigurationIsVisible = 0;
			defaultConfigurationName = Release;
		};
		AE2179A8467D566FDDF93291 /* Build configuration list for WatchQueueWidgets */ = {
			isa = XCConfigurationList;
			buildConfigurations = (
				AD56C1C1C863B5F33875A47E /* Debug */,
				82DE877A9E89C3E52B271D3C /* Release */,
			);
			defaultConfigurationIsVisible = 0;
			defaultConfigurationName = Release;
		};
		286982B1BB4C925A230FDDD1 /* Build configuration list for QueueKitTests */ = {
			isa = XCConfigurationList;
			buildConfigurations = (
				95FC8EC77EE0FEF408E4E535 /* Debug */,
				3677B14DA68C7B8F468A3FA3 /* Release */,
			);
			defaultConfigurationIsVisible = 0;
			defaultConfigurationName = Release;
		};
/* End XCConfigurationList section */
	};
	rootObject = 46F86FAA6BBF9AC94A7E4595 /* Project object */;
}
